// !$*UTF8*$!
{
	archiveVersion = 1;
	classes = {
	};
	objectVersion = 46;
	objects = {

/* Begin PBXBuildFile section */
		62095C1F196A0E9300FCEC78 /* TutorialFragment1_4.m in Sources */ = {isa = PBXBuildFile; fileRef = 62095C1E196A0E9300FCEC78 /* TutorialFragment1_4.m */; };
		62095C26196A18C800FCEC78 /* UIUtils.m in Sources */ = {isa = PBXBuildFile; fileRef = 62095C25196A18C800FCEC78 /* UIUtils.m */; };
		621168991A2A5FB5007951D9 /* Kamcord.framework in Frameworks */ = {isa = PBXBuildFile; fileRef = 621168931A2A5FB5007951D9 /* Kamcord.framework */; };
		6211689A1A2A5FB5007951D9 /* Kamcord.bundle in Resources */ = {isa = PBXBuildFile; fileRef = 621168951A2A5FB5007951D9 /* Kamcord.bundle */; };
		6211689B1A2A5FB5007951D9 /* KamcordiPad.storyboardc in Resources */ = {isa = PBXBuildFile; fileRef = 621168961A2A5FB5007951D9 /* KamcordiPad.storyboardc */; };
		6211689C1A2A5FB5007951D9 /* KamcordiPhone.storyboardc in Resources */ = {isa = PBXBuildFile; fileRef = 621168971A2A5FB5007951D9 /* KamcordiPhone.storyboardc */; };
		6211689D1A2A5FB5007951D9 /* KC_GTMOAuth2ViewTouch.nib in Resources */ = {isa = PBXBuildFile; fileRef = 621168981A2A5FB5007951D9 /* KC_GTMOAuth2ViewTouch.nib */; };
		621F0F8D198562A6008A0A45 /* Instruction.m in Sources */ = {isa = PBXBuildFile; fileRef = 621F0F8C198562A6008A0A45 /* Instruction.m */; };
		621F0F9019856D30008A0A45 /* DisplayInstruction.m in Sources */ = {isa = PBXBuildFile; fileRef = 621F0F8F19856D30008A0A45 /* DisplayInstruction.m */; };
		622671FE18E794740094A8B9 /* Additional-Resources in Resources */ = {isa = PBXBuildFile; fileRef = 622671FD18E794740094A8B9 /* Additional-Resources */; };
		6226720118E8990C0094A8B9 /* TutorialFragment1_2.m in Sources */ = {isa = PBXBuildFile; fileRef = 6226720018E8990C0094A8B9 /* TutorialFragment1_2.m */; };
		622BE81D18D2BCB9009178AF /* TutorialFragment1_0.m in Sources */ = {isa = PBXBuildFile; fileRef = 622BE81A18D2BCB9009178AF /* TutorialFragment1_0.m */; };
		622BE81E18D2BCB9009178AF /* TutorialFragment1_1.m in Sources */ = {isa = PBXBuildFile; fileRef = 622BE81C18D2BCB9009178AF /* TutorialFragment1_1.m */; };
		623468FE1969A8CE0030AC0A /* GLKit.framework in Frameworks */ = {isa = PBXBuildFile; fileRef = 623468FD1969A8CE0030AC0A /* GLKit.framework */; };
		623469051969C5AB0030AC0A /* TutorialFragment1_3.m in Sources */ = {isa = PBXBuildFile; fileRef = 623469041969C5AB0030AC0A /* TutorialFragment1_3.m */; };
		6241216C1997544600410E7C /* PurchaseScreen.m in Sources */ = {isa = PBXBuildFile; fileRef = 6241216B1997544600410E7C /* PurchaseScreen.m */; };
		6241217119980D4700410E7C /* UIDeviceHardware.m in Sources */ = {isa = PBXBuildFile; fileRef = 6241217019980D4700410E7C /* UIDeviceHardware.m */; };
		624462191935A18000895F2D /* TutorialInstructionPopup.m in Sources */ = {isa = PBXBuildFile; fileRef = 624462181935A18000895F2D /* TutorialInstructionPopup.m */; };
		627C5BB51893750300409C84 /* Gameplay.m in Sources */ = {isa = PBXBuildFile; fileRef = 627C5BB41893750300409C84 /* Gameplay.m */; };
		627C5BB91893873100409C84 /* GroundBlock.m in Sources */ = {isa = PBXBuildFile; fileRef = 627C5BB81893873100409C84 /* GroundBlock.m */; };
		627C5BBC18938DAA00409C84 /* CCActionFollowGGJ.m in Sources */ = {isa = PBXBuildFile; fileRef = 627C5BBB18938DAA00409C84 /* CCActionFollowGGJ.m */; };
		627C5BC01893972600409C84 /* Mood.m in Sources */ = {isa = PBXBuildFile; fileRef = 627C5BBF1893972600409C84 /* Mood.m */; };
		627C5BC318939D5300409C84 /* Hero.m in Sources */ = {isa = PBXBuildFile; fileRef = 627C5BC218939D5300409C84 /* Hero.m */; };
		627C5BC61893B82D00409C84 /* BasicEnemy.m in Sources */ = {isa = PBXBuildFile; fileRef = 627C5BC51893B82D00409C84 /* BasicEnemy.m */; };
		627C5BFB1893FC3800409C84 /* LevelBatchNode.m in Sources */ = {isa = PBXBuildFile; fileRef = 627C5BFA1893FC3800409C84 /* LevelBatchNode.m */; };
		627C5C071894676000409C84 /* GroundBlockEight.m in Sources */ = {isa = PBXBuildFile; fileRef = 627C5C061894676000409C84 /* GroundBlockEight.m */; };
		627C5C0B1894677D00409C84 /* GroundBlock64.m in Sources */ = {isa = PBXBuildFile; fileRef = 627C5C0A1894677D00409C84 /* GroundBlock64.m */; };
		627C5C2518946C1200409C84 /* CCAnimatedSprite.m in Sources */ = {isa = PBXBuildFile; fileRef = 627C5C2418946C1200409C84 /* CCAnimatedSprite.m */; };
		62A0B8DA1894F51D0037B7E4 /* Levels.plist in Resources */ = {isa = PBXBuildFile; fileRef = 62A0B8D91894F51D0037B7E4 /* Levels.plist */; };
		62A0B8E0189505B20037B7E4 /* LevelDetails.m in Sources */ = {isa = PBXBuildFile; fileRef = 62A0B8DF189505B20037B7E4 /* LevelDetails.m */; };
		62A0B8E318950D890037B7E4 /* GameState.m in Sources */ = {isa = PBXBuildFile; fileRef = 62A0B8E218950D890037B7E4 /* GameState.m */; };
		62A0B8E61895274E0037B7E4 /* HappyEnemy.m in Sources */ = {isa = PBXBuildFile; fileRef = 62A0B8E51895274E0037B7E4 /* HappyEnemy.m */; };
		62A0B8E91895278F0037B7E4 /* AngryEnemy.m in Sources */ = {isa = PBXBuildFile; fileRef = 62A0B8E81895278F0037B7E4 /* AngryEnemy.m */; };
		62A0B8EC18954DF00037B7E4 /* SadEnemy.m in Sources */ = {isa = PBXBuildFile; fileRef = 62A0B8EB18954DF00037B7E4 /* SadEnemy.m */; };
		62A0B8EF189551D90037B7E4 /* ScaredEnemy.m in Sources */ = {isa = PBXBuildFile; fileRef = 62A0B8EE189551D90037B7E4 /* ScaredEnemy.m */; };
		62A0B8F21895581D0037B7E4 /* Level.m in Sources */ = {isa = PBXBuildFile; fileRef = 62A0B8F11895581D0037B7E4 /* Level.m */; };
		62A0B8F51895644B0037B7E4 /* GoalPosition.m in Sources */ = {isa = PBXBuildFile; fileRef = 62A0B8F41895644A0037B7E4 /* GoalPosition.m */; };
		62A1F4C91895AA5200122E90 /* Startscreen.m in Sources */ = {isa = PBXBuildFile; fileRef = 62A1F4C81895AA5200122E90 /* Startscreen.m */; };
		62ADFA58198E7F5400AD451F /* LightSource.m in Sources */ = {isa = PBXBuildFile; fileRef = 62ADFA57198E7F5400AD451F /* LightSource.m */; };
		62ADFAA719914BD400AD451F /* mgwuSDK.framework in Frameworks */ = {isa = PBXBuildFile; fileRef = 62ADFA6019914BD400AD451F /* mgwuSDK.framework */; };
		62ADFAA819914BD400AD451F /* aqua.png in Resources */ = {isa = PBXBuildFile; fileRef = 62ADFA6219914BD400AD451F /* aqua.png */; };
		62ADFAA919914BD400AD451F /* bluechatbubble.png in Resources */ = {isa = PBXBuildFile; fileRef = 62ADFA6319914BD400AD451F /* bluechatbubble.png */; };
		62ADFAAA19914BD400AD451F /* CrossPromoViewController.nib in Resources */ = {isa = PBXBuildFile; fileRef = 62ADFA6419914BD400AD451F /* CrossPromoViewController.nib */; };
		62ADFAAB19914BD400AD451F /* FacebookIcon.png in Resources */ = {isa = PBXBuildFile; fileRef = 62ADFA6519914BD400AD451F /* FacebookIcon.png */; };
		62ADFAAC19914BD400AD451F /* fb_connect.png in Resources */ = {isa = PBXBuildFile; fileRef = 62ADFA6619914BD400AD451F /* fb_connect.png */; };
		62ADFAAD19914BD400AD451F /* FBLoginButton.png in Resources */ = {isa = PBXBuildFile; fileRef = 62ADFA6719914BD400AD451F /* FBLoginButton.png */; };
		62ADFAAE19914BD400AD451F /* FBLoginButton@2x.png in Resources */ = {isa = PBXBuildFile; fileRef = 62ADFA6819914BD400AD451F /* FBLoginButton@2x.png */; };
		62ADFAAF19914BD400AD451F /* FBLoginButtonPressed.png in Resources */ = {isa = PBXBuildFile; fileRef = 62ADFA6919914BD400AD451F /* FBLoginButtonPressed.png */; };
		62ADFAB019914BD400AD451F /* FBLoginButtonPressed@2x.png in Resources */ = {isa = PBXBuildFile; fileRef = 62ADFA6A19914BD400AD451F /* FBLoginButtonPressed@2x.png */; };
		62ADFAB119914BD400AD451F /* FBNoThanksButton.png in Resources */ = {isa = PBXBuildFile; fileRef = 62ADFA6B19914BD400AD451F /* FBNoThanksButton.png */; };
		62ADFAB219914BD400AD451F /* FBNoThanksButton@2x.png in Resources */ = {isa = PBXBuildFile; fileRef = 62ADFA6C19914BD400AD451F /* FBNoThanksButton@2x.png */; };
		62ADFAB319914BD400AD451F /* FBNoThanksButtonPressed.png in Resources */ = {isa = PBXBuildFile; fileRef = 62ADFA6D19914BD400AD451F /* FBNoThanksButtonPressed.png */; };
		62ADFAB419914BD400AD451F /* FBNoThanksButtonPressed@2x.png in Resources */ = {isa = PBXBuildFile; fileRef = 62ADFA6E19914BD400AD451F /* FBNoThanksButtonPressed@2x.png */; };
		62ADFAB519914BD400AD451F /* green.png in Resources */ = {isa = PBXBuildFile; fileRef = 62ADFA6F19914BD400AD451F /* green.png */; };
		62ADFAB619914BD400AD451F /* grey-background.png in Resources */ = {isa = PBXBuildFile; fileRef = 62ADFA7019914BD400AD451F /* grey-background.png */; };
		62ADFAB719914BD400AD451F /* hipmob.back.btn.png in Resources */ = {isa = PBXBuildFile; fileRef = 62ADFA7119914BD400AD451F /* hipmob.back.btn.png */; };
		62ADFAB819914BD400AD451F /* hipmob.send.png in Resources */ = {isa = PBXBuildFile; fileRef = 62ADFA7219914BD400AD451F /* hipmob.send.png */; };
		62ADFAB919914BD400AD451F /* hipmobsend_field.png in Resources */ = {isa = PBXBuildFile; fileRef = 62ADFA7319914BD400AD451F /* hipmobsend_field.png */; };
		62ADFABA19914BD400AD451F /* hipmobsend_field@2x.png in Resources */ = {isa = PBXBuildFile; fileRef = 62ADFA7419914BD400AD451F /* hipmobsend_field@2x.png */; };
		62ADFABB19914BD400AD451F /* mgwu-gk-notification.png in Resources */ = {isa = PBXBuildFile; fileRef = 62ADFA7519914BD400AD451F /* mgwu-gk-notification.png */; };
		62ADFABC19914BD400AD451F /* mgwu-gk-notification@2x.png in Resources */ = {isa = PBXBuildFile; fileRef = 62ADFA7619914BD400AD451F /* mgwu-gk-notification@2x.png */; };
		62ADFABD19914BD400AD451F /* mgwu-m.png in Resources */ = {isa = PBXBuildFile; fileRef = 62ADFA7719914BD400AD451F /* mgwu-m.png */; };
		62ADFABE19914BD400AD451F /* mgwu-m@2x.png in Resources */ = {isa = PBXBuildFile; fileRef = 62ADFA7819914BD400AD451F /* mgwu-m@2x.png */; };
		62ADFABF19914BD400AD451F /* MGWUAboutFooter-Landscape-568h@2x~iphone.png in Resources */ = {isa = PBXBuildFile; fileRef = 62ADFA7919914BD400AD451F /* MGWUAboutFooter-Landscape-568h@2x~iphone.png */; };
		62ADFAC019914BD400AD451F /* MGWUAboutFooter-Landscape@2x~ipad.png in Resources */ = {isa = PBXBuildFile; fileRef = 62ADFA7A19914BD400AD451F /* MGWUAboutFooter-Landscape@2x~ipad.png */; };
		62ADFAC119914BD400AD451F /* MGWUAboutFooter-Landscape@2x~iphone.png in Resources */ = {isa = PBXBuildFile; fileRef = 62ADFA7B19914BD400AD451F /* MGWUAboutFooter-Landscape@2x~iphone.png */; };
		62ADFAC219914BD400AD451F /* MGWUAboutFooter-Landscape~ipad.png in Resources */ = {isa = PBXBuildFile; fileRef = 62ADFA7C19914BD400AD451F /* MGWUAboutFooter-Landscape~ipad.png */; };
		62ADFAC319914BD400AD451F /* MGWUAboutFooter-Landscape~iphone.png in Resources */ = {isa = PBXBuildFile; fileRef = 62ADFA7D19914BD400AD451F /* MGWUAboutFooter-Landscape~iphone.png */; };
		62ADFAC419914BD400AD451F /* MGWUAboutFooter-Portrait@2x~ipad.png in Resources */ = {isa = PBXBuildFile; fileRef = 62ADFA7E19914BD400AD451F /* MGWUAboutFooter-Portrait@2x~ipad.png */; };
		62ADFAC519914BD400AD451F /* MGWUAboutFooter-Portrait@2x~iphone.png in Resources */ = {isa = PBXBuildFile; fileRef = 62ADFA7F19914BD400AD451F /* MGWUAboutFooter-Portrait@2x~iphone.png */; };
		62ADFAC619914BD400AD451F /* MGWUAboutFooter-Portrait~ipad.png in Resources */ = {isa = PBXBuildFile; fileRef = 62ADFA8019914BD400AD451F /* MGWUAboutFooter-Portrait~ipad.png */; };
		62ADFAC719914BD400AD451F /* MGWUAboutFooter-Portrait~iphone.png in Resources */ = {isa = PBXBuildFile; fileRef = 62ADFA8119914BD400AD451F /* MGWUAboutFooter-Portrait~iphone.png */; };
		62ADFAC819914BD400AD451F /* MGWUBackground-Landscape@2x~ipad.png in Resources */ = {isa = PBXBuildFile; fileRef = 62ADFA8219914BD400AD451F /* MGWUBackground-Landscape@2x~ipad.png */; };
		62ADFAC919914BD400AD451F /* MGWUBackground-Landscape@2x~iphone.png in Resources */ = {isa = PBXBuildFile; fileRef = 62ADFA8319914BD400AD451F /* MGWUBackground-Landscape@2x~iphone.png */; };
		62ADFACA19914BD400AD451F /* MGWUBackground-Landscape~ipad.png in Resources */ = {isa = PBXBuildFile; fileRef = 62ADFA8419914BD400AD451F /* MGWUBackground-Landscape~ipad.png */; };
		62ADFACB19914BD400AD451F /* MGWUBackground-Landscape~iphone.png in Resources */ = {isa = PBXBuildFile; fileRef = 62ADFA8519914BD400AD451F /* MGWUBackground-Landscape~iphone.png */; };
		62ADFACC19914BD400AD451F /* MGWUBackground-Portrait@2x~ipad.png in Resources */ = {isa = PBXBuildFile; fileRef = 62ADFA8619914BD400AD451F /* MGWUBackground-Portrait@2x~ipad.png */; };
		62ADFACD19914BD400AD451F /* MGWUBackground-Portrait@2x~iphone.png in Resources */ = {isa = PBXBuildFile; fileRef = 62ADFA8719914BD400AD451F /* MGWUBackground-Portrait@2x~iphone.png */; };
		62ADFACE19914BD400AD451F /* MGWUBackground-Portrait~ipad.png in Resources */ = {isa = PBXBuildFile; fileRef = 62ADFA8819914BD400AD451F /* MGWUBackground-Portrait~ipad.png */; };
		62ADFACF19914BD400AD451F /* MGWUBackground-Portrait~iphone.png in Resources */ = {isa = PBXBuildFile; fileRef = 62ADFA8919914BD400AD451F /* MGWUBackground-Portrait~iphone.png */; };
		62ADFAD019914BD400AD451F /* MGWUBackgroundDark-Landscape@2x~ipad.png in Resources */ = {isa = PBXBuildFile; fileRef = 62ADFA8A19914BD400AD451F /* MGWUBackgroundDark-Landscape@2x~ipad.png */; };
		62ADFAD119914BD400AD451F /* MGWUBackgroundDark-Landscape@2x~iphone.png in Resources */ = {isa = PBXBuildFile; fileRef = 62ADFA8B19914BD400AD451F /* MGWUBackgroundDark-Landscape@2x~iphone.png */; };
		62ADFAD219914BD400AD451F /* MGWUBackgroundDark-Landscape~ipad.png in Resources */ = {isa = PBXBuildFile; fileRef = 62ADFA8C19914BD400AD451F /* MGWUBackgroundDark-Landscape~ipad.png */; };
		62ADFAD319914BD400AD451F /* MGWUBackgroundDark-Landscape~iphone.png in Resources */ = {isa = PBXBuildFile; fileRef = 62ADFA8D19914BD400AD451F /* MGWUBackgroundDark-Landscape~iphone.png */; };
		62ADFAD419914BD400AD451F /* MGWUBackgroundDark-Portrait@2x~ipad.png in Resources */ = {isa = PBXBuildFile; fileRef = 62ADFA8E19914BD400AD451F /* MGWUBackgroundDark-Portrait@2x~ipad.png */; };
		62ADFAD519914BD400AD451F /* MGWUBackgroundDark-Portrait@2x~iphone.png in Resources */ = {isa = PBXBuildFile; fileRef = 62ADFA8F19914BD400AD451F /* MGWUBackgroundDark-Portrait@2x~iphone.png */; };
		62ADFAD619914BD400AD451F /* MGWUBackgroundDark-Portrait~ipad.png in Resources */ = {isa = PBXBuildFile; fileRef = 62ADFA9019914BD400AD451F /* MGWUBackgroundDark-Portrait~ipad.png */; };
		62ADFAD719914BD400AD451F /* MGWUBackgroundDark-Portrait~iphone.png in Resources */ = {isa = PBXBuildFile; fileRef = 62ADFA9119914BD400AD451F /* MGWUBackgroundDark-Portrait~iphone.png */; };
		62ADFAD819914BD400AD451F /* MGWUClose.png in Resources */ = {isa = PBXBuildFile; fileRef = 62ADFA9219914BD400AD451F /* MGWUClose.png */; };
		62ADFAD919914BD400AD451F /* MGWUClose@2x.png in Resources */ = {isa = PBXBuildFile; fileRef = 62ADFA9319914BD400AD451F /* MGWUClose@2x.png */; };
		62ADFADA19914BD400AD451F /* MGWUFacebookLoginLandscape.nib in Resources */ = {isa = PBXBuildFile; fileRef = 62ADFA9419914BD400AD451F /* MGWUFacebookLoginLandscape.nib */; };
		62ADFADB19914BD400AD451F /* MGWUFacebookLoginLandscapeDark.nib in Resources */ = {isa = PBXBuildFile; fileRef = 62ADFA9519914BD400AD451F /* MGWUFacebookLoginLandscapeDark.nib */; };
		62ADFADC19914BD400AD451F /* MGWUFacebookLoginPortrait.nib in Resources */ = {isa = PBXBuildFile; fileRef = 62ADFA9619914BD400AD451F /* MGWUFacebookLoginPortrait.nib */; };
		62ADFADD19914BD400AD451F /* MGWUFacebookLoginPortraitDark.nib in Resources */ = {isa = PBXBuildFile; fileRef = 62ADFA9719914BD400AD451F /* MGWUFacebookLoginPortraitDark.nib */; };
		62ADFADE19914BD400AD451F /* mgwuLogo.png in Resources */ = {isa = PBXBuildFile; fileRef = 62ADFA9819914BD400AD451F /* mgwuLogo.png */; };
		62ADFADF19914BD400AD451F /* mgwuLogo@2x.png in Resources */ = {isa = PBXBuildFile; fileRef = 62ADFA9919914BD400AD451F /* mgwuLogo@2x.png */; };
		62ADFAE019914BD400AD451F /* mgwuLogoDark.png in Resources */ = {isa = PBXBuildFile; fileRef = 62ADFA9A19914BD400AD451F /* mgwuLogoDark.png */; };
		62ADFAE119914BD400AD451F /* mgwuLogoDark@2x.png in Resources */ = {isa = PBXBuildFile; fileRef = 62ADFA9B19914BD400AD451F /* mgwuLogoDark@2x.png */; };
		62ADFAE219914BD400AD451F /* mgwuPlaceholderIcon.png in Resources */ = {isa = PBXBuildFile; fileRef = 62ADFA9C19914BD400AD451F /* mgwuPlaceholderIcon.png */; };
		62ADFAE319914BD400AD451F /* mgwuPlaceholderIcon@2x.png in Resources */ = {isa = PBXBuildFile; fileRef = 62ADFA9D19914BD400AD451F /* mgwuPlaceholderIcon@2x.png */; };
		62ADFAE419914BD400AD451F /* mgwuPlaceholderIconDark.png in Resources */ = {isa = PBXBuildFile; fileRef = 62ADFA9E19914BD400AD451F /* mgwuPlaceholderIconDark.png */; };
		62ADFAE519914BD400AD451F /* mgwuPlaceholderIconDark@2x.png in Resources */ = {isa = PBXBuildFile; fileRef = 62ADFA9F19914BD400AD451F /* mgwuPlaceholderIconDark@2x.png */; };
		62ADFAE619914BD400AD451F /* operator.available.png in Resources */ = {isa = PBXBuildFile; fileRef = 62ADFAA019914BD400AD451F /* operator.available.png */; };
		62ADFAE719914BD400AD451F /* operator.connecting.png in Resources */ = {isa = PBXBuildFile; fileRef = 62ADFAA119914BD400AD451F /* operator.connecting.png */; };
		62ADFAE819914BD400AD451F /* operator.unavailable.png in Resources */ = {isa = PBXBuildFile; fileRef = 62ADFAA219914BD400AD451F /* operator.unavailable.png */; };
		62ADFAE919914BD400AD451F /* send-button-active.png in Resources */ = {isa = PBXBuildFile; fileRef = 62ADFAA319914BD400AD451F /* send-button-active.png */; };
		62ADFAEA19914BD400AD451F /* send-button-inactive.png in Resources */ = {isa = PBXBuildFile; fileRef = 62ADFAA419914BD400AD451F /* send-button-inactive.png */; };
		62ADFAEB19914BD400AD451F /* send-button-instate.png in Resources */ = {isa = PBXBuildFile; fileRef = 62ADFAA519914BD400AD451F /* send-button-instate.png */; };
		62ADFAEC19914BD400AD451F /* send-field-landscape.png in Resources */ = {isa = PBXBuildFile; fileRef = 62ADFAA619914BD400AD451F /* send-field-landscape.png */; };
		62ADFAEF19915D2700AD451F /* Images.xcassets in Resources */ = {isa = PBXBuildFile; fileRef = 62ADFAEE19915D2700AD451F /* Images.xcassets */; };
		62BE00B5199746DB00796091 /* IAPManager.m in Sources */ = {isa = PBXBuildFile; fileRef = 62BE00B4199746DB00796091 /* IAPManager.m */; };
		62CB016918BC239C00EC8097 /* TutorialGameplay.m in Sources */ = {isa = PBXBuildFile; fileRef = 62CB016818BC239C00EC8097 /* TutorialGameplay.m */; };
		62CB017118C29C1F00EC8097 /* TutorialFragment.m in Sources */ = {isa = PBXBuildFile; fileRef = 62CB017018C29C1F00EC8097 /* TutorialFragment.m */; };
		62CB017418C2A00800EC8097 /* Localizable.strings in Resources */ = {isa = PBXBuildFile; fileRef = 62CB017618C2A00800EC8097 /* Localizable.strings */; };
		62CF7D6A198DDBBA00ABF971 /* GameEndLayer.m in Sources */ = {isa = PBXBuildFile; fileRef = 62CF7D69198DDBBA00ABF971 /* GameEndLayer.m */; };
		62CF7D79198DFDDB00ABF971 /* Accounts.framework in Frameworks */ = {isa = PBXBuildFile; fileRef = 62CF7D78198DFDDB00ABF971 /* Accounts.framework */; settings = {ATTRIBUTES = (Weak, ); }; };
		62CF7D7B198DFDE600ABF971 /* AdSupport.framework in Frameworks */ = {isa = PBXBuildFile; fileRef = 62CF7D7A198DFDE600ABF971 /* AdSupport.framework */; settings = {ATTRIBUTES = (Weak, ); }; };
		62CF7D7D198DFE0900ABF971 /* CoreImage.framework in Frameworks */ = {isa = PBXBuildFile; fileRef = 62CF7D7C198DFE0900ABF971 /* CoreImage.framework */; settings = {ATTRIBUTES = (Weak, ); }; };
		62CF7D7F198DFE1900ABF971 /* CoreMedia.framework in Frameworks */ = {isa = PBXBuildFile; fileRef = 62CF7D7E198DFE1900ABF971 /* CoreMedia.framework */; };
		62CF7D81198DFE2500ABF971 /* CoreVideo.framework in Frameworks */ = {isa = PBXBuildFile; fileRef = 62CF7D80198DFE2500ABF971 /* CoreVideo.framework */; };
		62CF7D83198DFE3100ABF971 /* MediaPlayer.framework in Frameworks */ = {isa = PBXBuildFile; fileRef = 62CF7D82198DFE3100ABF971 /* MediaPlayer.framework */; };
		62CF7D85198DFE3B00ABF971 /* MessageUI.framework in Frameworks */ = {isa = PBXBuildFile; fileRef = 62CF7D84198DFE3B00ABF971 /* MessageUI.framework */; };
		62CF7D87198DFE5000ABF971 /* Security.framework in Frameworks */ = {isa = PBXBuildFile; fileRef = 62CF7D86198DFE5000ABF971 /* Security.framework */; };
		62CF7D89198DFE5900ABF971 /* Social.framework in Frameworks */ = {isa = PBXBuildFile; fileRef = 62CF7D88198DFE5900ABF971 /* Social.framework */; settings = {ATTRIBUTES = (Weak, ); }; };
		62CF7D8B198DFE6E00ABF971 /* SystemConfiguration.framework in Frameworks */ = {isa = PBXBuildFile; fileRef = 62CF7D8A198DFE6D00ABF971 /* SystemConfiguration.framework */; };
		62CF7D8D198DFE7500ABF971 /* Twitter.framework in Frameworks */ = {isa = PBXBuildFile; fileRef = 62CF7D8C198DFE7400ABF971 /* Twitter.framework */; };
		62CF7D90198E78E200ABF971 /* LightingLayer.m in Sources */ = {isa = PBXBuildFile; fileRef = 62CF7D8F198E78E200ABF971 /* LightingLayer.m */; };
		62D3F310197E044A001C51F8 /* LevelTile.m in Sources */ = {isa = PBXBuildFile; fileRef = 62D3F30F197E044A001C51F8 /* LevelTile.m */; };
		62E639121992FA5E00B40584 /* StoreKit.framework in Frameworks */ = {isa = PBXBuildFile; fileRef = 62E639111992FA5E00B40584 /* StoreKit.framework */; };
		62F4177F1894923400663BDD /* Block.m in Sources */ = {isa = PBXBuildFile; fileRef = 62F4177E1894923400663BDD /* Block.m */; };
		AC0C8C8E1894B9DC00080A19 /* Enemy.m in Sources */ = {isa = PBXBuildFile; fileRef = AC0C8C8D1894B9DC00080A19 /* Enemy.m */; };
		ACAF7F0B189421BB0021FC4C /* Mask.m in Sources */ = {isa = PBXBuildFile; fileRef = ACAF7F0A189421BB0021FC4C /* Mask.m */; };
		B737893B180761570076A88C /* Published-iOS in Resources */ = {isa = PBXBuildFile; fileRef = B737893A180761570076A88C /* Published-iOS */; };
		B737893F1807617C0076A88C /* AppDelegate.m in Sources */ = {isa = PBXBuildFile; fileRef = B737893E1807617C0076A88C /* AppDelegate.m */; };
		B73789871807631A0076A88C /* main.m in Sources */ = {isa = PBXBuildFile; fileRef = B73789851807631A0076A88C /* main.m */; };
		B737898A1807642B0076A88C /* libcocos2d.a in Frameworks */ = {isa = PBXBuildFile; fileRef = B737894B180761A90076A88C /* libcocos2d.a */; };
		B7378994180767190076A88C /* MainScene.m in Sources */ = {isa = PBXBuildFile; fileRef = B7378993180767190076A88C /* MainScene.m */; };
		B77F1B3217B978D7009739AE /* QuartzCore.framework in Frameworks */ = {isa = PBXBuildFile; fileRef = B77F1B3117B978D7009739AE /* QuartzCore.framework */; };
		B77F1B3417B978D7009739AE /* OpenGLES.framework in Frameworks */ = {isa = PBXBuildFile; fileRef = B77F1B3317B978D7009739AE /* OpenGLES.framework */; };
		B77F1B3617B978D7009739AE /* OpenAL.framework in Frameworks */ = {isa = PBXBuildFile; fileRef = B77F1B3517B978D7009739AE /* OpenAL.framework */; };
		B77F1B3817B978D7009739AE /* AudioToolbox.framework in Frameworks */ = {isa = PBXBuildFile; fileRef = B77F1B3717B978D7009739AE /* AudioToolbox.framework */; };
		B77F1B3A17B978D7009739AE /* AVFoundation.framework in Frameworks */ = {isa = PBXBuildFile; fileRef = B77F1B3917B978D7009739AE /* AVFoundation.framework */; };
		B77F1B3C17B978D7009739AE /* UIKit.framework in Frameworks */ = {isa = PBXBuildFile; fileRef = B77F1B3B17B978D7009739AE /* UIKit.framework */; };
		B77F1B3E17B978D7009739AE /* Foundation.framework in Frameworks */ = {isa = PBXBuildFile; fileRef = B77F1B3D17B978D7009739AE /* Foundation.framework */; };
		B77F1B4017B978D7009739AE /* CoreGraphics.framework in Frameworks */ = {isa = PBXBuildFile; fileRef = B77F1B3F17B978D7009739AE /* CoreGraphics.framework */; };
		B77F1B4217B978D7009739AE /* CoreText.framework in Frameworks */ = {isa = PBXBuildFile; fileRef = B77F1B4117B978D7009739AE /* CoreText.framework */; };
/* End PBXBuildFile section */

/* Begin PBXContainerItemProxy section */
		624BB6B21A27075A00099579 /* PBXContainerItemProxy */ = {
			isa = PBXContainerItemProxy;
			containerPortal = B7378940180761A80076A88C /* cocos2d-ios.xcodeproj */;
			proxyType = 2;
			remoteGlobalIDString = D2FEB74F194F6C9E00FC0574;
			remoteInfo = cocos2dAndroid;
		};
		624BB6B41A27075A00099579 /* PBXContainerItemProxy */ = {
			isa = PBXContainerItemProxy;
			containerPortal = B7378940180761A80076A88C /* cocos2d-ios.xcodeproj */;
			proxyType = 2;
			remoteGlobalIDString = 5BF3267A195F8D8800D9A51A;
			remoteInfo = cocos2dJava;
		};
		624BB6B61A27075A00099579 /* PBXContainerItemProxy */ = {
			isa = PBXContainerItemProxy;
			containerPortal = B7378940180761A80076A88C /* cocos2d-ios.xcodeproj */;
			proxyType = 2;
			remoteGlobalIDString = 7A4037A819E37038007B6E8F;
			remoteInfo = "cocos2d-mac";
		};
		B737894A180761A90076A88C /* PBXContainerItemProxy */ = {
			isa = PBXContainerItemProxy;
			containerPortal = B7378940180761A80076A88C /* cocos2d-ios.xcodeproj */;
			proxyType = 2;
			remoteGlobalIDString = 5018F24D0DFDEAC400C013A5;
			remoteInfo = cocos2d;
		};
		B7378988180764180076A88C /* PBXContainerItemProxy */ = {
			isa = PBXContainerItemProxy;
			containerPortal = B7378940180761A80076A88C /* cocos2d-ios.xcodeproj */;
			proxyType = 1;
			remoteGlobalIDString = 5018F24C0DFDEAC400C013A5;
			remoteInfo = cocos2d;
		};
/* End PBXContainerItemProxy section */

/* Begin PBXFileReference section */
		62095C1D196A0E9300FCEC78 /* TutorialFragment1_4.h */ = {isa = PBXFileReference; fileEncoding = 4; lastKnownFileType = sourcecode.c.h; path = TutorialFragment1_4.h; sourceTree = "<group>"; };
		62095C1E196A0E9300FCEC78 /* TutorialFragment1_4.m */ = {isa = PBXFileReference; fileEncoding = 4; lastKnownFileType = sourcecode.c.objc; path = TutorialFragment1_4.m; sourceTree = "<group>"; };
		62095C24196A18BD00FCEC78 /* UIUtils.h */ = {isa = PBXFileReference; lastKnownFileType = sourcecode.c.h; path = UIUtils.h; sourceTree = "<group>"; };
		62095C25196A18C800FCEC78 /* UIUtils.m */ = {isa = PBXFileReference; fileEncoding = 4; lastKnownFileType = sourcecode.c.objc; path = UIUtils.m; sourceTree = "<group>"; };
		621168931A2A5FB5007951D9 /* Kamcord.framework */ = {isa = PBXFileReference; lastKnownFileType = wrapper.framework; path = Kamcord.framework; sourceTree = "<group>"; };
		621168951A2A5FB5007951D9 /* Kamcord.bundle */ = {isa = PBXFileReference; lastKnownFileType = "wrapper.plug-in"; path = Kamcord.bundle; sourceTree = "<group>"; };
		621168961A2A5FB5007951D9 /* KamcordiPad.storyboardc */ = {isa = PBXFileReference; fileEncoding = 4; lastKnownFileType = wrapper.storyboardc; path = KamcordiPad.storyboardc; sourceTree = "<group>"; };
		621168971A2A5FB5007951D9 /* KamcordiPhone.storyboardc */ = {isa = PBXFileReference; fileEncoding = 4; lastKnownFileType = wrapper.storyboardc; path = KamcordiPhone.storyboardc; sourceTree = "<group>"; };
		621168981A2A5FB5007951D9 /* KC_GTMOAuth2ViewTouch.nib */ = {isa = PBXFileReference; lastKnownFileType = file.bplist; path = KC_GTMOAuth2ViewTouch.nib; sourceTree = "<group>"; };
		621F0F8B198562A6008A0A45 /* Instruction.h */ = {isa = PBXFileReference; fileEncoding = 4; lastKnownFileType = sourcecode.c.h; path = Instruction.h; sourceTree = "<group>"; };
		621F0F8C198562A6008A0A45 /* Instruction.m */ = {isa = PBXFileReference; fileEncoding = 4; lastKnownFileType = sourcecode.c.objc; path = Instruction.m; sourceTree = "<group>"; };
		621F0F8E19856D30008A0A45 /* DisplayInstruction.h */ = {isa = PBXFileReference; fileEncoding = 4; lastKnownFileType = sourcecode.c.h; path = DisplayInstruction.h; sourceTree = "<group>"; };
		621F0F8F19856D30008A0A45 /* DisplayInstruction.m */ = {isa = PBXFileReference; fileEncoding = 4; lastKnownFileType = sourcecode.c.objc; path = DisplayInstruction.m; sourceTree = "<group>"; };
		622671FD18E794740094A8B9 /* Additional-Resources */ = {isa = PBXFileReference; lastKnownFileType = folder; path = "Additional-Resources"; sourceTree = "<group>"; };
		622671FF18E8990C0094A8B9 /* TutorialFragment1_2.h */ = {isa = PBXFileReference; fileEncoding = 4; lastKnownFileType = sourcecode.c.h; path = TutorialFragment1_2.h; sourceTree = "<group>"; };
		6226720018E8990C0094A8B9 /* TutorialFragment1_2.m */ = {isa = PBXFileReference; fileEncoding = 4; lastKnownFileType = sourcecode.c.objc; path = TutorialFragment1_2.m; sourceTree = "<group>"; };
		622BE81918D2BCB9009178AF /* TutorialFragment1_0.h */ = {isa = PBXFileReference; fileEncoding = 4; lastKnownFileType = sourcecode.c.h; path = TutorialFragment1_0.h; sourceTree = "<group>"; };
		622BE81A18D2BCB9009178AF /* TutorialFragment1_0.m */ = {isa = PBXFileReference; fileEncoding = 4; lastKnownFileType = sourcecode.c.objc; path = TutorialFragment1_0.m; sourceTree = "<group>"; };
		622BE81B18D2BCB9009178AF /* TutorialFragment1_1.h */ = {isa = PBXFileReference; fileEncoding = 4; lastKnownFileType = sourcecode.c.h; path = TutorialFragment1_1.h; sourceTree = "<group>"; };
		622BE81C18D2BCB9009178AF /* TutorialFragment1_1.m */ = {isa = PBXFileReference; fileEncoding = 4; lastKnownFileType = sourcecode.c.objc; path = TutorialFragment1_1.m; sourceTree = "<group>"; };
		623468FD1969A8CE0030AC0A /* GLKit.framework */ = {isa = PBXFileReference; lastKnownFileType = wrapper.framework; name = GLKit.framework; path = System/Library/Frameworks/GLKit.framework; sourceTree = SDKROOT; };
		623469031969C5AB0030AC0A /* TutorialFragment1_3.h */ = {isa = PBXFileReference; fileEncoding = 4; lastKnownFileType = sourcecode.c.h; path = TutorialFragment1_3.h; sourceTree = "<group>"; };
		623469041969C5AB0030AC0A /* TutorialFragment1_3.m */ = {isa = PBXFileReference; fileEncoding = 4; lastKnownFileType = sourcecode.c.objc; path = TutorialFragment1_3.m; sourceTree = "<group>"; };
		6241216A1997544600410E7C /* PurchaseScreen.h */ = {isa = PBXFileReference; fileEncoding = 4; lastKnownFileType = sourcecode.c.h; path = PurchaseScreen.h; sourceTree = "<group>"; };
		6241216B1997544600410E7C /* PurchaseScreen.m */ = {isa = PBXFileReference; fileEncoding = 4; lastKnownFileType = sourcecode.c.objc; path = PurchaseScreen.m; sourceTree = "<group>"; };
		6241216F19980D4700410E7C /* UIDeviceHardware.h */ = {isa = PBXFileReference; fileEncoding = 4; lastKnownFileType = sourcecode.c.h; path = UIDeviceHardware.h; sourceTree = "<group>"; };
		6241217019980D4700410E7C /* UIDeviceHardware.m */ = {isa = PBXFileReference; fileEncoding = 4; lastKnownFileType = sourcecode.c.objc; path = UIDeviceHardware.m; sourceTree = "<group>"; };
		624462171935A18000895F2D /* TutorialInstructionPopup.h */ = {isa = PBXFileReference; fileEncoding = 4; lastKnownFileType = sourcecode.c.h; name = TutorialInstructionPopup.h; path = Source/TutorialInstructionPopup.h; sourceTree = "<group>"; };
		624462181935A18000895F2D /* TutorialInstructionPopup.m */ = {isa = PBXFileReference; fileEncoding = 4; lastKnownFileType = sourcecode.c.objc; name = TutorialInstructionPopup.m; path = Source/TutorialInstructionPopup.m; sourceTree = "<group>"; };
		627C5BB31893750300409C84 /* Gameplay.h */ = {isa = PBXFileReference; fileEncoding = 4; lastKnownFileType = sourcecode.c.h; name = Gameplay.h; path = Source/Gameplay.h; sourceTree = "<group>"; };
		627C5BB41893750300409C84 /* Gameplay.m */ = {isa = PBXFileReference; fileEncoding = 4; lastKnownFileType = sourcecode.c.objc; name = Gameplay.m; path = Source/Gameplay.m; sourceTree = "<group>"; };
		627C5BB71893873100409C84 /* GroundBlock.h */ = {isa = PBXFileReference; fileEncoding = 4; lastKnownFileType = sourcecode.c.h; name = GroundBlock.h; path = Source/GroundBlock.h; sourceTree = "<group>"; };
		627C5BB81893873100409C84 /* GroundBlock.m */ = {isa = PBXFileReference; fileEncoding = 4; lastKnownFileType = sourcecode.c.objc; name = GroundBlock.m; path = Source/GroundBlock.m; sourceTree = "<group>"; };
		627C5BBA18938DAA00409C84 /* CCActionFollowGGJ.h */ = {isa = PBXFileReference; fileEncoding = 4; lastKnownFileType = sourcecode.c.h; name = CCActionFollowGGJ.h; path = Source/CCActionFollowGGJ.h; sourceTree = "<group>"; };
		627C5BBB18938DAA00409C84 /* CCActionFollowGGJ.m */ = {isa = PBXFileReference; fileEncoding = 4; lastKnownFileType = sourcecode.c.objc; name = CCActionFollowGGJ.m; path = Source/CCActionFollowGGJ.m; sourceTree = "<group>"; };
		627C5BBE1893972600409C84 /* Mood.h */ = {isa = PBXFileReference; fileEncoding = 4; lastKnownFileType = sourcecode.c.h; path = Mood.h; sourceTree = "<group>"; };
		627C5BBF1893972600409C84 /* Mood.m */ = {isa = PBXFileReference; fileEncoding = 4; lastKnownFileType = sourcecode.c.objc; path = Mood.m; sourceTree = "<group>"; };
		627C5BC118939D5300409C84 /* Hero.h */ = {isa = PBXFileReference; fileEncoding = 4; lastKnownFileType = sourcecode.c.h; name = Hero.h; path = Source/Hero.h; sourceTree = "<group>"; };
		627C5BC218939D5300409C84 /* Hero.m */ = {isa = PBXFileReference; fileEncoding = 4; lastKnownFileType = sourcecode.c.objc; lineEnding = 0; name = Hero.m; path = Source/Hero.m; sourceTree = "<group>"; xcLanguageSpecificationIdentifier = xcode.lang.objc; };
		627C5BC41893B82D00409C84 /* BasicEnemy.h */ = {isa = PBXFileReference; fileEncoding = 4; lastKnownFileType = sourcecode.c.h; name = BasicEnemy.h; path = Source/BasicEnemy.h; sourceTree = "<group>"; };
		627C5BC51893B82D00409C84 /* BasicEnemy.m */ = {isa = PBXFileReference; fileEncoding = 4; lastKnownFileType = sourcecode.c.objc; name = BasicEnemy.m; path = Source/BasicEnemy.m; sourceTree = "<group>"; };
		627C5BF91893FC3800409C84 /* LevelBatchNode.h */ = {isa = PBXFileReference; fileEncoding = 4; lastKnownFileType = sourcecode.c.h; name = LevelBatchNode.h; path = Source/LevelBatchNode.h; sourceTree = "<group>"; };
		627C5BFA1893FC3800409C84 /* LevelBatchNode.m */ = {isa = PBXFileReference; fileEncoding = 4; lastKnownFileType = sourcecode.c.objc; name = LevelBatchNode.m; path = Source/LevelBatchNode.m; sourceTree = "<group>"; };
		627C5C051894676000409C84 /* GroundBlockEight.h */ = {isa = PBXFileReference; fileEncoding = 4; lastKnownFileType = sourcecode.c.h; name = GroundBlockEight.h; path = Source/GroundBlockEight.h; sourceTree = "<group>"; };
		627C5C061894676000409C84 /* GroundBlockEight.m */ = {isa = PBXFileReference; fileEncoding = 4; lastKnownFileType = sourcecode.c.objc; name = GroundBlockEight.m; path = Source/GroundBlockEight.m; sourceTree = "<group>"; };
		627C5C091894677D00409C84 /* GroundBlock64.h */ = {isa = PBXFileReference; fileEncoding = 4; lastKnownFileType = sourcecode.c.h; name = GroundBlock64.h; path = Source/GroundBlock64.h; sourceTree = "<group>"; };
		627C5C0A1894677D00409C84 /* GroundBlock64.m */ = {isa = PBXFileReference; fileEncoding = 4; lastKnownFileType = sourcecode.c.objc; name = GroundBlock64.m; path = Source/GroundBlock64.m; sourceTree = "<group>"; };
		627C5C2318946C1200409C84 /* CCAnimatedSprite.h */ = {isa = PBXFileReference; fileEncoding = 4; lastKnownFileType = sourcecode.c.h; name = CCAnimatedSprite.h; path = Source/CCAnimatedSprite.h; sourceTree = "<group>"; };
		627C5C2418946C1200409C84 /* CCAnimatedSprite.m */ = {isa = PBXFileReference; fileEncoding = 4; lastKnownFileType = sourcecode.c.objc; name = CCAnimatedSprite.m; path = Source/CCAnimatedSprite.m; sourceTree = "<group>"; };
		62A0B8D91894F51D0037B7E4 /* Levels.plist */ = {isa = PBXFileReference; fileEncoding = 4; lastKnownFileType = text.plist.xml; path = Levels.plist; sourceTree = "<group>"; };
		62A0B8DE189505B20037B7E4 /* LevelDetails.h */ = {isa = PBXFileReference; fileEncoding = 4; lastKnownFileType = sourcecode.c.h; name = LevelDetails.h; path = Source/LevelDetails.h; sourceTree = "<group>"; };
		62A0B8DF189505B20037B7E4 /* LevelDetails.m */ = {isa = PBXFileReference; fileEncoding = 4; lastKnownFileType = sourcecode.c.objc; name = LevelDetails.m; path = Source/LevelDetails.m; sourceTree = "<group>"; };
		62A0B8E118950D890037B7E4 /* GameState.h */ = {isa = PBXFileReference; fileEncoding = 4; lastKnownFileType = sourcecode.c.h; name = GameState.h; path = Source/GameState.h; sourceTree = "<group>"; };
		62A0B8E218950D890037B7E4 /* GameState.m */ = {isa = PBXFileReference; fileEncoding = 4; lastKnownFileType = sourcecode.c.objc; name = GameState.m; path = Source/GameState.m; sourceTree = "<group>"; };
		62A0B8E41895274E0037B7E4 /* HappyEnemy.h */ = {isa = PBXFileReference; fileEncoding = 4; lastKnownFileType = sourcecode.c.h; name = HappyEnemy.h; path = Source/HappyEnemy.h; sourceTree = "<group>"; };
		62A0B8E51895274E0037B7E4 /* HappyEnemy.m */ = {isa = PBXFileReference; fileEncoding = 4; lastKnownFileType = sourcecode.c.objc; name = HappyEnemy.m; path = Source/HappyEnemy.m; sourceTree = "<group>"; };
		62A0B8E71895278F0037B7E4 /* AngryEnemy.h */ = {isa = PBXFileReference; fileEncoding = 4; lastKnownFileType = sourcecode.c.h; name = AngryEnemy.h; path = Source/AngryEnemy.h; sourceTree = "<group>"; };
		62A0B8E81895278F0037B7E4 /* AngryEnemy.m */ = {isa = PBXFileReference; fileEncoding = 4; lastKnownFileType = sourcecode.c.objc; name = AngryEnemy.m; path = Source/AngryEnemy.m; sourceTree = "<group>"; };
		62A0B8EA18954DF00037B7E4 /* SadEnemy.h */ = {isa = PBXFileReference; fileEncoding = 4; lastKnownFileType = sourcecode.c.h; name = SadEnemy.h; path = Source/SadEnemy.h; sourceTree = "<group>"; };
		62A0B8EB18954DF00037B7E4 /* SadEnemy.m */ = {isa = PBXFileReference; fileEncoding = 4; lastKnownFileType = sourcecode.c.objc; name = SadEnemy.m; path = Source/SadEnemy.m; sourceTree = "<group>"; };
		62A0B8ED189551D90037B7E4 /* ScaredEnemy.h */ = {isa = PBXFileReference; fileEncoding = 4; lastKnownFileType = sourcecode.c.h; name = ScaredEnemy.h; path = Source/ScaredEnemy.h; sourceTree = "<group>"; };
		62A0B8EE189551D90037B7E4 /* ScaredEnemy.m */ = {isa = PBXFileReference; fileEncoding = 4; lastKnownFileType = sourcecode.c.objc; name = ScaredEnemy.m; path = Source/ScaredEnemy.m; sourceTree = "<group>"; };
		62A0B8F01895581D0037B7E4 /* Level.h */ = {isa = PBXFileReference; fileEncoding = 4; lastKnownFileType = sourcecode.c.h; name = Level.h; path = Source/Level.h; sourceTree = SOURCE_ROOT; };
		62A0B8F11895581D0037B7E4 /* Level.m */ = {isa = PBXFileReference; fileEncoding = 4; lastKnownFileType = sourcecode.c.objc; name = Level.m; path = Source/Level.m; sourceTree = SOURCE_ROOT; };
		62A0B8F31895644A0037B7E4 /* GoalPosition.h */ = {isa = PBXFileReference; fileEncoding = 4; lastKnownFileType = sourcecode.c.h; name = GoalPosition.h; path = Source/GoalPosition.h; sourceTree = "<group>"; };
		62A0B8F41895644A0037B7E4 /* GoalPosition.m */ = {isa = PBXFileReference; fileEncoding = 4; lastKnownFileType = sourcecode.c.objc; name = GoalPosition.m; path = Source/GoalPosition.m; sourceTree = "<group>"; };
		62A1F4C71895AA5200122E90 /* Startscreen.h */ = {isa = PBXFileReference; fileEncoding = 4; lastKnownFileType = sourcecode.c.h; path = Startscreen.h; sourceTree = "<group>"; };
		62A1F4C81895AA5200122E90 /* Startscreen.m */ = {isa = PBXFileReference; fileEncoding = 4; lastKnownFileType = sourcecode.c.objc; path = Startscreen.m; sourceTree = "<group>"; };
		62ADFA56198E7F5400AD451F /* LightSource.h */ = {isa = PBXFileReference; fileEncoding = 4; lastKnownFileType = sourcecode.c.h; path = LightSource.h; sourceTree = "<group>"; };
		62ADFA57198E7F5400AD451F /* LightSource.m */ = {isa = PBXFileReference; fileEncoding = 4; lastKnownFileType = sourcecode.c.objc; path = LightSource.m; sourceTree = "<group>"; };
		62ADFA6019914BD400AD451F /* mgwuSDK.framework */ = {isa = PBXFileReference; lastKnownFileType = wrapper.framework; path = mgwuSDK.framework; sourceTree = "<group>"; };
		62ADFA6219914BD400AD451F /* aqua.png */ = {isa = PBXFileReference; lastKnownFileType = image.png; path = aqua.png; sourceTree = "<group>"; };
		62ADFA6319914BD400AD451F /* bluechatbubble.png */ = {isa = PBXFileReference; lastKnownFileType = image.png; path = bluechatbubble.png; sourceTree = "<group>"; };
		62ADFA6419914BD400AD451F /* CrossPromoViewController.nib */ = {isa = PBXFileReference; lastKnownFileType = file.bplist; path = CrossPromoViewController.nib; sourceTree = "<group>"; };
		62ADFA6519914BD400AD451F /* FacebookIcon.png */ = {isa = PBXFileReference; lastKnownFileType = image.png; path = FacebookIcon.png; sourceTree = "<group>"; };
		62ADFA6619914BD400AD451F /* fb_connect.png */ = {isa = PBXFileReference; lastKnownFileType = image.png; path = fb_connect.png; sourceTree = "<group>"; };
		62ADFA6719914BD400AD451F /* FBLoginButton.png */ = {isa = PBXFileReference; lastKnownFileType = image.png; path = FBLoginButton.png; sourceTree = "<group>"; };
		62ADFA6819914BD400AD451F /* FBLoginButton@2x.png */ = {isa = PBXFileReference; lastKnownFileType = image.png; path = "FBLoginButton@2x.png"; sourceTree = "<group>"; };
		62ADFA6919914BD400AD451F /* FBLoginButtonPressed.png */ = {isa = PBXFileReference; lastKnownFileType = image.png; path = FBLoginButtonPressed.png; sourceTree = "<group>"; };
		62ADFA6A19914BD400AD451F /* FBLoginButtonPressed@2x.png */ = {isa = PBXFileReference; lastKnownFileType = image.png; path = "FBLoginButtonPressed@2x.png"; sourceTree = "<group>"; };
		62ADFA6B19914BD400AD451F /* FBNoThanksButton.png */ = {isa = PBXFileReference; lastKnownFileType = image.png; path = FBNoThanksButton.png; sourceTree = "<group>"; };
		62ADFA6C19914BD400AD451F /* FBNoThanksButton@2x.png */ = {isa = PBXFileReference; lastKnownFileType = image.png; path = "FBNoThanksButton@2x.png"; sourceTree = "<group>"; };
		62ADFA6D19914BD400AD451F /* FBNoThanksButtonPressed.png */ = {isa = PBXFileReference; lastKnownFileType = image.png; path = FBNoThanksButtonPressed.png; sourceTree = "<group>"; };
		62ADFA6E19914BD400AD451F /* FBNoThanksButtonPressed@2x.png */ = {isa = PBXFileReference; lastKnownFileType = image.png; path = "FBNoThanksButtonPressed@2x.png"; sourceTree = "<group>"; };
		62ADFA6F19914BD400AD451F /* green.png */ = {isa = PBXFileReference; lastKnownFileType = image.png; path = green.png; sourceTree = "<group>"; };
		62ADFA7019914BD400AD451F /* grey-background.png */ = {isa = PBXFileReference; lastKnownFileType = image.png; path = "grey-background.png"; sourceTree = "<group>"; };
		62ADFA7119914BD400AD451F /* hipmob.back.btn.png */ = {isa = PBXFileReference; lastKnownFileType = image.png; path = hipmob.back.btn.png; sourceTree = "<group>"; };
		62ADFA7219914BD400AD451F /* hipmob.send.png */ = {isa = PBXFileReference; lastKnownFileType = image.png; path = hipmob.send.png; sourceTree = "<group>"; };
		62ADFA7319914BD400AD451F /* hipmobsend_field.png */ = {isa = PBXFileReference; lastKnownFileType = image.png; path = hipmobsend_field.png; sourceTree = "<group>"; };
		62ADFA7419914BD400AD451F /* hipmobsend_field@2x.png */ = {isa = PBXFileReference; lastKnownFileType = image.png; path = "hipmobsend_field@2x.png"; sourceTree = "<group>"; };
		62ADFA7519914BD400AD451F /* mgwu-gk-notification.png */ = {isa = PBXFileReference; lastKnownFileType = image.png; path = "mgwu-gk-notification.png"; sourceTree = "<group>"; };
		62ADFA7619914BD400AD451F /* mgwu-gk-notification@2x.png */ = {isa = PBXFileReference; lastKnownFileType = image.png; path = "mgwu-gk-notification@2x.png"; sourceTree = "<group>"; };
		62ADFA7719914BD400AD451F /* mgwu-m.png */ = {isa = PBXFileReference; lastKnownFileType = image.png; path = "mgwu-m.png"; sourceTree = "<group>"; };
		62ADFA7819914BD400AD451F /* mgwu-m@2x.png */ = {isa = PBXFileReference; lastKnownFileType = image.png; path = "mgwu-m@2x.png"; sourceTree = "<group>"; };
		62ADFA7919914BD400AD451F /* MGWUAboutFooter-Landscape-568h@2x~iphone.png */ = {isa = PBXFileReference; lastKnownFileType = image.png; path = "MGWUAboutFooter-Landscape-568h@2x~iphone.png"; sourceTree = "<group>"; };
		62ADFA7A19914BD400AD451F /* MGWUAboutFooter-Landscape@2x~ipad.png */ = {isa = PBXFileReference; lastKnownFileType = image.png; path = "MGWUAboutFooter-Landscape@2x~ipad.png"; sourceTree = "<group>"; };
		62ADFA7B19914BD400AD451F /* MGWUAboutFooter-Landscape@2x~iphone.png */ = {isa = PBXFileReference; lastKnownFileType = image.png; path = "MGWUAboutFooter-Landscape@2x~iphone.png"; sourceTree = "<group>"; };
		62ADFA7C19914BD400AD451F /* MGWUAboutFooter-Landscape~ipad.png */ = {isa = PBXFileReference; lastKnownFileType = image.png; path = "MGWUAboutFooter-Landscape~ipad.png"; sourceTree = "<group>"; };
		62ADFA7D19914BD400AD451F /* MGWUAboutFooter-Landscape~iphone.png */ = {isa = PBXFileReference; lastKnownFileType = image.png; path = "MGWUAboutFooter-Landscape~iphone.png"; sourceTree = "<group>"; };
		62ADFA7E19914BD400AD451F /* MGWUAboutFooter-Portrait@2x~ipad.png */ = {isa = PBXFileReference; lastKnownFileType = image.png; path = "MGWUAboutFooter-Portrait@2x~ipad.png"; sourceTree = "<group>"; };
		62ADFA7F19914BD400AD451F /* MGWUAboutFooter-Portrait@2x~iphone.png */ = {isa = PBXFileReference; lastKnownFileType = image.png; path = "MGWUAboutFooter-Portrait@2x~iphone.png"; sourceTree = "<group>"; };
		62ADFA8019914BD400AD451F /* MGWUAboutFooter-Portrait~ipad.png */ = {isa = PBXFileReference; lastKnownFileType = image.png; path = "MGWUAboutFooter-Portrait~ipad.png"; sourceTree = "<group>"; };
		62ADFA8119914BD400AD451F /* MGWUAboutFooter-Portrait~iphone.png */ = {isa = PBXFileReference; lastKnownFileType = image.png; path = "MGWUAboutFooter-Portrait~iphone.png"; sourceTree = "<group>"; };
		62ADFA8219914BD400AD451F /* MGWUBackground-Landscape@2x~ipad.png */ = {isa = PBXFileReference; lastKnownFileType = image.png; path = "MGWUBackground-Landscape@2x~ipad.png"; sourceTree = "<group>"; };
		62ADFA8319914BD400AD451F /* MGWUBackground-Landscape@2x~iphone.png */ = {isa = PBXFileReference; lastKnownFileType = image.png; path = "MGWUBackground-Landscape@2x~iphone.png"; sourceTree = "<group>"; };
		62ADFA8419914BD400AD451F /* MGWUBackground-Landscape~ipad.png */ = {isa = PBXFileReference; lastKnownFileType = image.png; path = "MGWUBackground-Landscape~ipad.png"; sourceTree = "<group>"; };
		62ADFA8519914BD400AD451F /* MGWUBackground-Landscape~iphone.png */ = {isa = PBXFileReference; lastKnownFileType = image.png; path = "MGWUBackground-Landscape~iphone.png"; sourceTree = "<group>"; };
		62ADFA8619914BD400AD451F /* MGWUBackground-Portrait@2x~ipad.png */ = {isa = PBXFileReference; lastKnownFileType = image.png; path = "MGWUBackground-Portrait@2x~ipad.png"; sourceTree = "<group>"; };
		62ADFA8719914BD400AD451F /* MGWUBackground-Portrait@2x~iphone.png */ = {isa = PBXFileReference; lastKnownFileType = image.png; path = "MGWUBackground-Portrait@2x~iphone.png"; sourceTree = "<group>"; };
		62ADFA8819914BD400AD451F /* MGWUBackground-Portrait~ipad.png */ = {isa = PBXFileReference; lastKnownFileType = image.png; path = "MGWUBackground-Portrait~ipad.png"; sourceTree = "<group>"; };
		62ADFA8919914BD400AD451F /* MGWUBackground-Portrait~iphone.png */ = {isa = PBXFileReference; lastKnownFileType = image.png; path = "MGWUBackground-Portrait~iphone.png"; sourceTree = "<group>"; };
		62ADFA8A19914BD400AD451F /* MGWUBackgroundDark-Landscape@2x~ipad.png */ = {isa = PBXFileReference; lastKnownFileType = image.png; path = "MGWUBackgroundDark-Landscape@2x~ipad.png"; sourceTree = "<group>"; };
		62ADFA8B19914BD400AD451F /* MGWUBackgroundDark-Landscape@2x~iphone.png */ = {isa = PBXFileReference; lastKnownFileType = image.png; path = "MGWUBackgroundDark-Landscape@2x~iphone.png"; sourceTree = "<group>"; };
		62ADFA8C19914BD400AD451F /* MGWUBackgroundDark-Landscape~ipad.png */ = {isa = PBXFileReference; lastKnownFileType = image.png; path = "MGWUBackgroundDark-Landscape~ipad.png"; sourceTree = "<group>"; };
		62ADFA8D19914BD400AD451F /* MGWUBackgroundDark-Landscape~iphone.png */ = {isa = PBXFileReference; lastKnownFileType = image.png; path = "MGWUBackgroundDark-Landscape~iphone.png"; sourceTree = "<group>"; };
		62ADFA8E19914BD400AD451F /* MGWUBackgroundDark-Portrait@2x~ipad.png */ = {isa = PBXFileReference; lastKnownFileType = image.png; path = "MGWUBackgroundDark-Portrait@2x~ipad.png"; sourceTree = "<group>"; };
		62ADFA8F19914BD400AD451F /* MGWUBackgroundDark-Portrait@2x~iphone.png */ = {isa = PBXFileReference; lastKnownFileType = image.png; path = "MGWUBackgroundDark-Portrait@2x~iphone.png"; sourceTree = "<group>"; };
		62ADFA9019914BD400AD451F /* MGWUBackgroundDark-Portrait~ipad.png */ = {isa = PBXFileReference; lastKnownFileType = image.png; path = "MGWUBackgroundDark-Portrait~ipad.png"; sourceTree = "<group>"; };
		62ADFA9119914BD400AD451F /* MGWUBackgroundDark-Portrait~iphone.png */ = {isa = PBXFileReference; lastKnownFileType = image.png; path = "MGWUBackgroundDark-Portrait~iphone.png"; sourceTree = "<group>"; };
		62ADFA9219914BD400AD451F /* MGWUClose.png */ = {isa = PBXFileReference; lastKnownFileType = image.png; path = MGWUClose.png; sourceTree = "<group>"; };
		62ADFA9319914BD400AD451F /* MGWUClose@2x.png */ = {isa = PBXFileReference; lastKnownFileType = image.png; path = "MGWUClose@2x.png"; sourceTree = "<group>"; };
		62ADFA9419914BD400AD451F /* MGWUFacebookLoginLandscape.nib */ = {isa = PBXFileReference; lastKnownFileType = file.bplist; path = MGWUFacebookLoginLandscape.nib; sourceTree = "<group>"; };
		62ADFA9519914BD400AD451F /* MGWUFacebookLoginLandscapeDark.nib */ = {isa = PBXFileReference; lastKnownFileType = file.bplist; path = MGWUFacebookLoginLandscapeDark.nib; sourceTree = "<group>"; };
		62ADFA9619914BD400AD451F /* MGWUFacebookLoginPortrait.nib */ = {isa = PBXFileReference; lastKnownFileType = file.bplist; path = MGWUFacebookLoginPortrait.nib; sourceTree = "<group>"; };
		62ADFA9719914BD400AD451F /* MGWUFacebookLoginPortraitDark.nib */ = {isa = PBXFileReference; lastKnownFileType = file.bplist; path = MGWUFacebookLoginPortraitDark.nib; sourceTree = "<group>"; };
		62ADFA9819914BD400AD451F /* mgwuLogo.png */ = {isa = PBXFileReference; lastKnownFileType = image.png; path = mgwuLogo.png; sourceTree = "<group>"; };
		62ADFA9919914BD400AD451F /* mgwuLogo@2x.png */ = {isa = PBXFileReference; lastKnownFileType = image.png; path = "mgwuLogo@2x.png"; sourceTree = "<group>"; };
		62ADFA9A19914BD400AD451F /* mgwuLogoDark.png */ = {isa = PBXFileReference; lastKnownFileType = image.png; path = mgwuLogoDark.png; sourceTree = "<group>"; };
		62ADFA9B19914BD400AD451F /* mgwuLogoDark@2x.png */ = {isa = PBXFileReference; lastKnownFileType = image.png; path = "mgwuLogoDark@2x.png"; sourceTree = "<group>"; };
		62ADFA9C19914BD400AD451F /* mgwuPlaceholderIcon.png */ = {isa = PBXFileReference; lastKnownFileType = image.png; path = mgwuPlaceholderIcon.png; sourceTree = "<group>"; };
		62ADFA9D19914BD400AD451F /* mgwuPlaceholderIcon@2x.png */ = {isa = PBXFileReference; lastKnownFileType = image.png; path = "mgwuPlaceholderIcon@2x.png"; sourceTree = "<group>"; };
		62ADFA9E19914BD400AD451F /* mgwuPlaceholderIconDark.png */ = {isa = PBXFileReference; lastKnownFileType = image.png; path = mgwuPlaceholderIconDark.png; sourceTree = "<group>"; };
		62ADFA9F19914BD400AD451F /* mgwuPlaceholderIconDark@2x.png */ = {isa = PBXFileReference; lastKnownFileType = image.png; path = "mgwuPlaceholderIconDark@2x.png"; sourceTree = "<group>"; };
		62ADFAA019914BD400AD451F /* operator.available.png */ = {isa = PBXFileReference; lastKnownFileType = image.png; path = operator.available.png; sourceTree = "<group>"; };
		62ADFAA119914BD400AD451F /* operator.connecting.png */ = {isa = PBXFileReference; lastKnownFileType = image.png; path = operator.connecting.png; sourceTree = "<group>"; };
		62ADFAA219914BD400AD451F /* operator.unavailable.png */ = {isa = PBXFileReference; lastKnownFileType = image.png; path = operator.unavailable.png; sourceTree = "<group>"; };
		62ADFAA319914BD400AD451F /* send-button-active.png */ = {isa = PBXFileReference; lastKnownFileType = image.png; path = "send-button-active.png"; sourceTree = "<group>"; };
		62ADFAA419914BD400AD451F /* send-button-inactive.png */ = {isa = PBXFileReference; lastKnownFileType = image.png; path = "send-button-inactive.png"; sourceTree = "<group>"; };
		62ADFAA519914BD400AD451F /* send-button-instate.png */ = {isa = PBXFileReference; lastKnownFileType = image.png; path = "send-button-instate.png"; sourceTree = "<group>"; };
		62ADFAA619914BD400AD451F /* send-field-landscape.png */ = {isa = PBXFileReference; lastKnownFileType = image.png; path = "send-field-landscape.png"; sourceTree = "<group>"; };
		62ADFAEE19915D2700AD451F /* Images.xcassets */ = {isa = PBXFileReference; lastKnownFileType = folder.assetcatalog; name = Images.xcassets; path = PivotVividGGJ14/Images.xcassets; sourceTree = SOURCE_ROOT; };
		62BE00B3199746DB00796091 /* IAPManager.h */ = {isa = PBXFileReference; fileEncoding = 4; lastKnownFileType = sourcecode.c.h; path = IAPManager.h; sourceTree = "<group>"; };
		62BE00B4199746DB00796091 /* IAPManager.m */ = {isa = PBXFileReference; fileEncoding = 4; lastKnownFileType = sourcecode.c.objc; path = IAPManager.m; sourceTree = "<group>"; };
		62CB016718BC239C00EC8097 /* TutorialGameplay.h */ = {isa = PBXFileReference; fileEncoding = 4; lastKnownFileType = sourcecode.c.h; name = TutorialGameplay.h; path = Source/TutorialGameplay.h; sourceTree = "<group>"; };
		62CB016818BC239C00EC8097 /* TutorialGameplay.m */ = {isa = PBXFileReference; fileEncoding = 4; lastKnownFileType = sourcecode.c.objc; name = TutorialGameplay.m; path = Source/TutorialGameplay.m; sourceTree = "<group>"; };
		62CB016F18C29C1F00EC8097 /* TutorialFragment.h */ = {isa = PBXFileReference; fileEncoding = 4; lastKnownFileType = sourcecode.c.h; path = TutorialFragment.h; sourceTree = "<group>"; };
		62CB017018C29C1F00EC8097 /* TutorialFragment.m */ = {isa = PBXFileReference; fileEncoding = 4; lastKnownFileType = sourcecode.c.objc; path = TutorialFragment.m; sourceTree = "<group>"; };
		62CB017518C2A00800EC8097 /* Base */ = {isa = PBXFileReference; lastKnownFileType = text.plist.strings; name = Base; path = Base.lproj/Localizable.strings; sourceTree = "<group>"; };
		62CB017718C2A00C00EC8097 /* en */ = {isa = PBXFileReference; lastKnownFileType = text.plist.strings; name = en; path = en.lproj/Localizable.strings; sourceTree = "<group>"; };
		62CF7D68198DDBBA00ABF971 /* GameEndLayer.h */ = {isa = PBXFileReference; fileEncoding = 4; lastKnownFileType = sourcecode.c.h; path = GameEndLayer.h; sourceTree = "<group>"; };
		62CF7D69198DDBBA00ABF971 /* GameEndLayer.m */ = {isa = PBXFileReference; fileEncoding = 4; lastKnownFileType = sourcecode.c.objc; path = GameEndLayer.m; sourceTree = "<group>"; };
		62CF7D78198DFDDB00ABF971 /* Accounts.framework */ = {isa = PBXFileReference; lastKnownFileType = wrapper.framework; name = Accounts.framework; path = System/Library/Frameworks/Accounts.framework; sourceTree = SDKROOT; };
		62CF7D7A198DFDE600ABF971 /* AdSupport.framework */ = {isa = PBXFileReference; lastKnownFileType = wrapper.framework; name = AdSupport.framework; path = System/Library/Frameworks/AdSupport.framework; sourceTree = SDKROOT; };
		62CF7D7C198DFE0900ABF971 /* CoreImage.framework */ = {isa = PBXFileReference; lastKnownFileType = wrapper.framework; name = CoreImage.framework; path = System/Library/Frameworks/CoreImage.framework; sourceTree = SDKROOT; };
		62CF7D7E198DFE1900ABF971 /* CoreMedia.framework */ = {isa = PBXFileReference; lastKnownFileType = wrapper.framework; name = CoreMedia.framework; path = System/Library/Frameworks/CoreMedia.framework; sourceTree = SDKROOT; };
		62CF7D80198DFE2500ABF971 /* CoreVideo.framework */ = {isa = PBXFileReference; lastKnownFileType = wrapper.framework; name = CoreVideo.framework; path = System/Library/Frameworks/CoreVideo.framework; sourceTree = SDKROOT; };
		62CF7D82198DFE3100ABF971 /* MediaPlayer.framework */ = {isa = PBXFileReference; lastKnownFileType = wrapper.framework; name = MediaPlayer.framework; path = System/Library/Frameworks/MediaPlayer.framework; sourceTree = SDKROOT; };
		62CF7D84198DFE3B00ABF971 /* MessageUI.framework */ = {isa = PBXFileReference; lastKnownFileType = wrapper.framework; name = MessageUI.framework; path = System/Library/Frameworks/MessageUI.framework; sourceTree = SDKROOT; };
		62CF7D86198DFE5000ABF971 /* Security.framework */ = {isa = PBXFileReference; lastKnownFileType = wrapper.framework; name = Security.framework; path = System/Library/Frameworks/Security.framework; sourceTree = SDKROOT; };
		62CF7D88198DFE5900ABF971 /* Social.framework */ = {isa = PBXFileReference; lastKnownFileType = wrapper.framework; name = Social.framework; path = System/Library/Frameworks/Social.framework; sourceTree = SDKROOT; };
		62CF7D8A198DFE6D00ABF971 /* SystemConfiguration.framework */ = {isa = PBXFileReference; lastKnownFileType = wrapper.framework; name = SystemConfiguration.framework; path = System/Library/Frameworks/SystemConfiguration.framework; sourceTree = SDKROOT; };
		62CF7D8C198DFE7400ABF971 /* Twitter.framework */ = {isa = PBXFileReference; lastKnownFileType = wrapper.framework; name = Twitter.framework; path = System/Library/Frameworks/Twitter.framework; sourceTree = SDKROOT; };
		62CF7D8E198E78E200ABF971 /* LightingLayer.h */ = {isa = PBXFileReference; fileEncoding = 4; lastKnownFileType = sourcecode.c.h; name = LightingLayer.h; path = ../Source/LightingLayer.h; sourceTree = "<group>"; };
		62CF7D8F198E78E200ABF971 /* LightingLayer.m */ = {isa = PBXFileReference; fileEncoding = 4; lastKnownFileType = sourcecode.c.objc; name = LightingLayer.m; path = ../Source/LightingLayer.m; sourceTree = "<group>"; };
		62D3F30E197E044A001C51F8 /* LevelTile.h */ = {isa = PBXFileReference; fileEncoding = 4; lastKnownFileType = sourcecode.c.h; path = LevelTile.h; sourceTree = "<group>"; };
		62D3F30F197E044A001C51F8 /* LevelTile.m */ = {isa = PBXFileReference; fileEncoding = 4; lastKnownFileType = sourcecode.c.objc; path = LevelTile.m; sourceTree = "<group>"; };
		62E639111992FA5E00B40584 /* StoreKit.framework */ = {isa = PBXFileReference; lastKnownFileType = wrapper.framework; name = StoreKit.framework; path = System/Library/Frameworks/StoreKit.framework; sourceTree = SDKROOT; };
		62F4177D1894923400663BDD /* Block.h */ = {isa = PBXFileReference; fileEncoding = 4; lastKnownFileType = sourcecode.c.h; name = Block.h; path = Source/Block.h; sourceTree = "<group>"; };
		62F4177E1894923400663BDD /* Block.m */ = {isa = PBXFileReference; fileEncoding = 4; lastKnownFileType = sourcecode.c.objc; name = Block.m; path = Source/Block.m; sourceTree = "<group>"; };
		AC0C8C8C1894B9DC00080A19 /* Enemy.h */ = {isa = PBXFileReference; fileEncoding = 4; lastKnownFileType = sourcecode.c.h; name = Enemy.h; path = Source/Enemy.h; sourceTree = "<group>"; };
		AC0C8C8D1894B9DC00080A19 /* Enemy.m */ = {isa = PBXFileReference; fileEncoding = 4; lastKnownFileType = sourcecode.c.objc; name = Enemy.m; path = Source/Enemy.m; sourceTree = "<group>"; };
		ACAF7F09189421BB0021FC4C /* Mask.h */ = {isa = PBXFileReference; fileEncoding = 4; lastKnownFileType = sourcecode.c.h; path = Mask.h; sourceTree = "<group>"; };
		ACAF7F0A189421BB0021FC4C /* Mask.m */ = {isa = PBXFileReference; fileEncoding = 4; lastKnownFileType = sourcecode.c.objc; path = Mask.m; sourceTree = "<group>"; };
		B737893A180761570076A88C /* Published-iOS */ = {isa = PBXFileReference; lastKnownFileType = folder; name = "Published-iOS"; path = "Source/Resources/Published-iOS"; sourceTree = SOURCE_ROOT; };
		B737893D1807617C0076A88C /* AppDelegate.h */ = {isa = PBXFileReference; fileEncoding = 4; lastKnownFileType = sourcecode.c.h; name = AppDelegate.h; path = Source/AppDelegate.h; sourceTree = "<group>"; };
		B737893E1807617C0076A88C /* AppDelegate.m */ = {isa = PBXFileReference; fileEncoding = 4; lastKnownFileType = sourcecode.c.objc; name = AppDelegate.m; path = Source/AppDelegate.m; sourceTree = "<group>"; };
		B7378940180761A80076A88C /* cocos2d-ios.xcodeproj */ = {isa = PBXFileReference; lastKnownFileType = "wrapper.pb-project"; name = "cocos2d-ios.xcodeproj"; path = "Source/libs/cocos2d-iphone/cocos2d-ios.xcodeproj"; sourceTree = SOURCE_ROOT; };
		B73789851807631A0076A88C /* main.m */ = {isa = PBXFileReference; fileEncoding = 4; lastKnownFileType = sourcecode.c.objc; name = main.m; path = Source/main.m; sourceTree = SOURCE_ROOT; };
		B73789861807631A0076A88C /* Prefix.pch */ = {isa = PBXFileReference; fileEncoding = 4; lastKnownFileType = sourcecode.c.h; name = Prefix.pch; path = Source/Prefix.pch; sourceTree = SOURCE_ROOT; };
		B7378992180767190076A88C /* MainScene.h */ = {isa = PBXFileReference; fileEncoding = 4; lastKnownFileType = sourcecode.c.h; name = MainScene.h; path = Source/MainScene.h; sourceTree = "<group>"; };
		B7378993180767190076A88C /* MainScene.m */ = {isa = PBXFileReference; fileEncoding = 4; lastKnownFileType = sourcecode.c.objc; name = MainScene.m; path = Source/MainScene.m; sourceTree = "<group>"; };
		B77F1B2E17B978D7009739AE /* Hero's Masks.app */ = {isa = PBXFileReference; explicitFileType = wrapper.application; includeInIndex = 0; path = "Hero's Masks.app"; sourceTree = BUILT_PRODUCTS_DIR; };
		B77F1B3117B978D7009739AE /* QuartzCore.framework */ = {isa = PBXFileReference; lastKnownFileType = wrapper.framework; name = QuartzCore.framework; path = System/Library/Frameworks/QuartzCore.framework; sourceTree = SDKROOT; };
		B77F1B3317B978D7009739AE /* OpenGLES.framework */ = {isa = PBXFileReference; lastKnownFileType = wrapper.framework; name = OpenGLES.framework; path = System/Library/Frameworks/OpenGLES.framework; sourceTree = SDKROOT; };
		B77F1B3517B978D7009739AE /* OpenAL.framework */ = {isa = PBXFileReference; lastKnownFileType = wrapper.framework; name = OpenAL.framework; path = System/Library/Frameworks/OpenAL.framework; sourceTree = SDKROOT; };
		B77F1B3717B978D7009739AE /* AudioToolbox.framework */ = {isa = PBXFileReference; lastKnownFileType = wrapper.framework; name = AudioToolbox.framework; path = System/Library/Frameworks/AudioToolbox.framework; sourceTree = SDKROOT; };
		B77F1B3917B978D7009739AE /* AVFoundation.framework */ = {isa = PBXFileReference; lastKnownFileType = wrapper.framework; name = AVFoundation.framework; path = System/Library/Frameworks/AVFoundation.framework; sourceTree = SDKROOT; };
		B77F1B3B17B978D7009739AE /* UIKit.framework */ = {isa = PBXFileReference; lastKnownFileType = wrapper.framework; name = UIKit.framework; path = System/Library/Frameworks/UIKit.framework; sourceTree = SDKROOT; };
		B77F1B3D17B978D7009739AE /* Foundation.framework */ = {isa = PBXFileReference; lastKnownFileType = wrapper.framework; name = Foundation.framework; path = System/Library/Frameworks/Foundation.framework; sourceTree = SDKROOT; };
		B77F1B3F17B978D7009739AE /* CoreGraphics.framework */ = {isa = PBXFileReference; lastKnownFileType = wrapper.framework; name = CoreGraphics.framework; path = System/Library/Frameworks/CoreGraphics.framework; sourceTree = SDKROOT; };
		B77F1B4117B978D7009739AE /* CoreText.framework */ = {isa = PBXFileReference; lastKnownFileType = wrapper.framework; name = CoreText.framework; path = System/Library/Frameworks/CoreText.framework; sourceTree = SDKROOT; };
		B7B3713D180358F1007369CC /* libObjectiveChipmunk.a */ = {isa = PBXFileReference; lastKnownFileType = archive.ar; name = libObjectiveChipmunk.a; path = "../libs/cocos2d-iphone/external/Chipmunk/xcode/build/Debug-iphoneos/libObjectiveChipmunk.a"; sourceTree = "<group>"; };
/* End PBXFileReference section */

/* Begin PBXFrameworksBuildPhase section */
		B77F1B2B17B978D7009739AE /* Frameworks */ = {
			isa = PBXFrameworksBuildPhase;
			buildActionMask = 2147483647;
			files = (
				62E639121992FA5E00B40584 /* StoreKit.framework in Frameworks */,
				62CF7D8D198DFE7500ABF971 /* Twitter.framework in Frameworks */,
				62CF7D8B198DFE6E00ABF971 /* SystemConfiguration.framework in Frameworks */,
				62CF7D89198DFE5900ABF971 /* Social.framework in Frameworks */,
				62CF7D87198DFE5000ABF971 /* Security.framework in Frameworks */,
				B77F1B3217B978D7009739AE /* QuartzCore.framework in Frameworks */,
				62CF7D85198DFE3B00ABF971 /* MessageUI.framework in Frameworks */,
				62CF7D83198DFE3100ABF971 /* MediaPlayer.framework in Frameworks */,
				62CF7D81198DFE2500ABF971 /* CoreVideo.framework in Frameworks */,
				62CF7D7F198DFE1900ABF971 /* CoreMedia.framework in Frameworks */,
				62CF7D7D198DFE0900ABF971 /* CoreImage.framework in Frameworks */,
				B77F1B3A17B978D7009739AE /* AVFoundation.framework in Frameworks */,
				B77F1B3817B978D7009739AE /* AudioToolbox.framework in Frameworks */,
				62CF7D7B198DFDE600ABF971 /* AdSupport.framework in Frameworks */,
				62CF7D79198DFDDB00ABF971 /* Accounts.framework in Frameworks */,
				B737898A1807642B0076A88C /* libcocos2d.a in Frameworks */,
				623468FE1969A8CE0030AC0A /* GLKit.framework in Frameworks */,
				B77F1B3417B978D7009739AE /* OpenGLES.framework in Frameworks */,
				B77F1B3617B978D7009739AE /* OpenAL.framework in Frameworks */,
				621168991A2A5FB5007951D9 /* Kamcord.framework in Frameworks */,
				B77F1B3C17B978D7009739AE /* UIKit.framework in Frameworks */,
				B77F1B3E17B978D7009739AE /* Foundation.framework in Frameworks */,
				B77F1B4017B978D7009739AE /* CoreGraphics.framework in Frameworks */,
				B77F1B4217B978D7009739AE /* CoreText.framework in Frameworks */,
				62ADFAA719914BD400AD451F /* mgwuSDK.framework in Frameworks */,
			);
			runOnlyForDeploymentPostprocessing = 0;
		};
/* End PBXFrameworksBuildPhase section */

/* Begin PBXGroup section */
		62095C23196A18AD00FCEC78 /* UIUtils */ = {
			isa = PBXGroup;
			children = (
				62095C24196A18BD00FCEC78 /* UIUtils.h */,
				62095C25196A18C800FCEC78 /* UIUtils.m */,
			);
			name = UIUtils;
			path = Source/UIUtils;
			sourceTree = "<group>";
		};
		621168921A2A5FB5007951D9 /* Kamcord.embeddedframework */ = {
			isa = PBXGroup;
			children = (
				621168931A2A5FB5007951D9 /* Kamcord.framework */,
				621168941A2A5FB5007951D9 /* Resources */,
			);
			name = Kamcord.embeddedframework;
			path = Frameworks/Kamcord.embeddedframework;
			sourceTree = "<group>";
		};
		621168941A2A5FB5007951D9 /* Resources */ = {
			isa = PBXGroup;
			children = (
				621168951A2A5FB5007951D9 /* Kamcord.bundle */,
				621168961A2A5FB5007951D9 /* KamcordiPad.storyboardc */,
				621168971A2A5FB5007951D9 /* KamcordiPhone.storyboardc */,
				621168981A2A5FB5007951D9 /* KC_GTMOAuth2ViewTouch.nib */,
			);
			path = Resources;
			sourceTree = "<group>";
		};
		621F0F891985628C008A0A45 /* Instruction */ = {
			isa = PBXGroup;
			children = (
				621F0F8B198562A6008A0A45 /* Instruction.h */,
				621F0F8C198562A6008A0A45 /* Instruction.m */,
				621F0F8E19856D30008A0A45 /* DisplayInstruction.h */,
				621F0F8F19856D30008A0A45 /* DisplayInstruction.m */,
			);
			name = Instruction;
			path = Source/Instruction;
			sourceTree = "<group>";
		};
		6241216E19980CC900410E7C /* Utils */ = {
			isa = PBXGroup;
			children = (
				6241216F19980D4700410E7C /* UIDeviceHardware.h */,
				6241217019980D4700410E7C /* UIDeviceHardware.m */,
			);
			name = Utils;
			path = Source/Utils;
			sourceTree = "<group>";
		};
		6273BBA218C2D15D0006C979 /* Tutorial1 */ = {
			isa = PBXGroup;
			children = (
				622BE81918D2BCB9009178AF /* TutorialFragment1_0.h */,
				622BE81A18D2BCB9009178AF /* TutorialFragment1_0.m */,
				622BE81B18D2BCB9009178AF /* TutorialFragment1_1.h */,
				622BE81C18D2BCB9009178AF /* TutorialFragment1_1.m */,
				622671FF18E8990C0094A8B9 /* TutorialFragment1_2.h */,
				6226720018E8990C0094A8B9 /* TutorialFragment1_2.m */,
				623469031969C5AB0030AC0A /* TutorialFragment1_3.h */,
				623469041969C5AB0030AC0A /* TutorialFragment1_3.m */,
				62095C1D196A0E9300FCEC78 /* TutorialFragment1_4.h */,
				62095C1E196A0E9300FCEC78 /* TutorialFragment1_4.m */,
			);
			path = Tutorial1;
			sourceTree = "<group>";
		};
		627C5BBD189396F700409C84 /* Moods */ = {
			isa = PBXGroup;
			children = (
				627C5BBE1893972600409C84 /* Mood.h */,
				627C5BBF1893972600409C84 /* Mood.m */,
			);
			name = Moods;
			path = Source/Moods;
			sourceTree = "<group>";
		};
		62A0B8D71894F5050037B7E4 /* Levels */ = {
			isa = PBXGroup;
			children = (
				62A0B8D91894F51D0037B7E4 /* Levels.plist */,
			);
			path = Levels;
			sourceTree = "<group>";
		};
		62ADFA54198E7F3D00AD451F /* Lighting */ = {
			isa = PBXGroup;
			children = (
				62CF7D8E198E78E200ABF971 /* LightingLayer.h */,
				62CF7D8F198E78E200ABF971 /* LightingLayer.m */,
				62ADFA56198E7F5400AD451F /* LightSource.h */,
				62ADFA57198E7F5400AD451F /* LightSource.m */,
			);
			path = Lighting;
			sourceTree = "<group>";
		};
		62ADFA5F19914BD400AD451F /* mgwuSDK.embeddedframework */ = {
			isa = PBXGroup;
			children = (
				62ADFA6019914BD400AD451F /* mgwuSDK.framework */,
				62ADFA6119914BD400AD451F /* Resources */,
			);
			name = mgwuSDK.embeddedframework;
			path = Frameworks/mgwuSDK.embeddedframework;
			sourceTree = "<group>";
		};
		62ADFA6119914BD400AD451F /* Resources */ = {
			isa = PBXGroup;
			children = (
				62ADFA6219914BD400AD451F /* aqua.png */,
				62ADFA6319914BD400AD451F /* bluechatbubble.png */,
				62ADFA6419914BD400AD451F /* CrossPromoViewController.nib */,
				62ADFA6519914BD400AD451F /* FacebookIcon.png */,
				62ADFA6619914BD400AD451F /* fb_connect.png */,
				62ADFA6719914BD400AD451F /* FBLoginButton.png */,
				62ADFA6819914BD400AD451F /* FBLoginButton@2x.png */,
				62ADFA6919914BD400AD451F /* FBLoginButtonPressed.png */,
				62ADFA6A19914BD400AD451F /* FBLoginButtonPressed@2x.png */,
				62ADFA6B19914BD400AD451F /* FBNoThanksButton.png */,
				62ADFA6C19914BD400AD451F /* FBNoThanksButton@2x.png */,
				62ADFA6D19914BD400AD451F /* FBNoThanksButtonPressed.png */,
				62ADFA6E19914BD400AD451F /* FBNoThanksButtonPressed@2x.png */,
				62ADFA6F19914BD400AD451F /* green.png */,
				62ADFA7019914BD400AD451F /* grey-background.png */,
				62ADFA7119914BD400AD451F /* hipmob.back.btn.png */,
				62ADFA7219914BD400AD451F /* hipmob.send.png */,
				62ADFA7319914BD400AD451F /* hipmobsend_field.png */,
				62ADFA7419914BD400AD451F /* hipmobsend_field@2x.png */,
				62ADFA7519914BD400AD451F /* mgwu-gk-notification.png */,
				62ADFA7619914BD400AD451F /* mgwu-gk-notification@2x.png */,
				62ADFA7719914BD400AD451F /* mgwu-m.png */,
				62ADFA7819914BD400AD451F /* mgwu-m@2x.png */,
				62ADFA7919914BD400AD451F /* MGWUAboutFooter-Landscape-568h@2x~iphone.png */,
				62ADFA7A19914BD400AD451F /* MGWUAboutFooter-Landscape@2x~ipad.png */,
				62ADFA7B19914BD400AD451F /* MGWUAboutFooter-Landscape@2x~iphone.png */,
				62ADFA7C19914BD400AD451F /* MGWUAboutFooter-Landscape~ipad.png */,
				62ADFA7D19914BD400AD451F /* MGWUAboutFooter-Landscape~iphone.png */,
				62ADFA7E19914BD400AD451F /* MGWUAboutFooter-Portrait@2x~ipad.png */,
				62ADFA7F19914BD400AD451F /* MGWUAboutFooter-Portrait@2x~iphone.png */,
				62ADFA8019914BD400AD451F /* MGWUAboutFooter-Portrait~ipad.png */,
				62ADFA8119914BD400AD451F /* MGWUAboutFooter-Portrait~iphone.png */,
				62ADFA8219914BD400AD451F /* MGWUBackground-Landscape@2x~ipad.png */,
				62ADFA8319914BD400AD451F /* MGWUBackground-Landscape@2x~iphone.png */,
				62ADFA8419914BD400AD451F /* MGWUBackground-Landscape~ipad.png */,
				62ADFA8519914BD400AD451F /* MGWUBackground-Landscape~iphone.png */,
				62ADFA8619914BD400AD451F /* MGWUBackground-Portrait@2x~ipad.png */,
				62ADFA8719914BD400AD451F /* MGWUBackground-Portrait@2x~iphone.png */,
				62ADFA8819914BD400AD451F /* MGWUBackground-Portrait~ipad.png */,
				62ADFA8919914BD400AD451F /* MGWUBackground-Portrait~iphone.png */,
				62ADFA8A19914BD400AD451F /* MGWUBackgroundDark-Landscape@2x~ipad.png */,
				62ADFA8B19914BD400AD451F /* MGWUBackgroundDark-Landscape@2x~iphone.png */,
				62ADFA8C19914BD400AD451F /* MGWUBackgroundDark-Landscape~ipad.png */,
				62ADFA8D19914BD400AD451F /* MGWUBackgroundDark-Landscape~iphone.png */,
				62ADFA8E19914BD400AD451F /* MGWUBackgroundDark-Portrait@2x~ipad.png */,
				62ADFA8F19914BD400AD451F /* MGWUBackgroundDark-Portrait@2x~iphone.png */,
				62ADFA9019914BD400AD451F /* MGWUBackgroundDark-Portrait~ipad.png */,
				62ADFA9119914BD400AD451F /* MGWUBackgroundDark-Portrait~iphone.png */,
				62ADFA9219914BD400AD451F /* MGWUClose.png */,
				62ADFA9319914BD400AD451F /* MGWUClose@2x.png */,
				62ADFA9419914BD400AD451F /* MGWUFacebookLoginLandscape.nib */,
				62ADFA9519914BD400AD451F /* MGWUFacebookLoginLandscapeDark.nib */,
				62ADFA9619914BD400AD451F /* MGWUFacebookLoginPortrait.nib */,
				62ADFA9719914BD400AD451F /* MGWUFacebookLoginPortraitDark.nib */,
				62ADFA9819914BD400AD451F /* mgwuLogo.png */,
				62ADFA9919914BD400AD451F /* mgwuLogo@2x.png */,
				62ADFA9A19914BD400AD451F /* mgwuLogoDark.png */,
				62ADFA9B19914BD400AD451F /* mgwuLogoDark@2x.png */,
				62ADFA9C19914BD400AD451F /* mgwuPlaceholderIcon.png */,
				62ADFA9D19914BD400AD451F /* mgwuPlaceholderIcon@2x.png */,
				62ADFA9E19914BD400AD451F /* mgwuPlaceholderIconDark.png */,
				62ADFA9F19914BD400AD451F /* mgwuPlaceholderIconDark@2x.png */,
				62ADFAA019914BD400AD451F /* operator.available.png */,
				62ADFAA119914BD400AD451F /* operator.connecting.png */,
				62ADFAA219914BD400AD451F /* operator.unavailable.png */,
				62ADFAA319914BD400AD451F /* send-button-active.png */,
				62ADFAA419914BD400AD451F /* send-button-inactive.png */,
				62ADFAA519914BD400AD451F /* send-button-instate.png */,
				62ADFAA619914BD400AD451F /* send-field-landscape.png */,
			);
			path = Resources;
			sourceTree = "<group>";
		};
		62BE00B2199746CB00796091 /* IAP */ = {
			isa = PBXGroup;
			children = (
				62BE00B3199746DB00796091 /* IAPManager.h */,
				62BE00B4199746DB00796091 /* IAPManager.m */,
			);
			name = IAP;
			path = Source/IAP;
			sourceTree = "<group>";
		};
		62CB016D18C29C0500EC8097 /* Tutorial */ = {
			isa = PBXGroup;
			children = (
				6273BBA218C2D15D0006C979 /* Tutorial1 */,
				62CB016F18C29C1F00EC8097 /* TutorialFragment.h */,
				62CB017018C29C1F00EC8097 /* TutorialFragment.m */,
			);
			name = Tutorial;
			path = Source/Tutorial;
			sourceTree = "<group>";
		};
		62D3F30C197E03D3001C51F8 /* UIElements */ = {
			isa = PBXGroup;
			children = (
				62D3F30E197E044A001C51F8 /* LevelTile.h */,
				62D3F30F197E044A001C51F8 /* LevelTile.m */,
				62CF7D68198DDBBA00ABF971 /* GameEndLayer.h */,
				62CF7D69198DDBBA00ABF971 /* GameEndLayer.m */,
				6241216A1997544600410E7C /* PurchaseScreen.h */,
				6241216B1997544600410E7C /* PurchaseScreen.m */,
			);
			name = UIElements;
			path = Source/UIElements;
			sourceTree = "<group>";
		};
		9222E2B918734FF800A246C7 /* libs */ = {
			isa = PBXGroup;
			children = (
				B7378940180761A80076A88C /* cocos2d-ios.xcodeproj */,
			);
			name = libs;
			sourceTree = "<group>";
		};
		B737893C1807616C0076A88C /* Source */ = {
			isa = PBXGroup;
			children = (
				6241216E19980CC900410E7C /* Utils */,
				62BE00B2199746CB00796091 /* IAP */,
				62ADFA54198E7F3D00AD451F /* Lighting */,
				621F0F891985628C008A0A45 /* Instruction */,
				62D3F30C197E03D3001C51F8 /* UIElements */,
				62095C23196A18AD00FCEC78 /* UIUtils */,
				62CB016D18C29C0500EC8097 /* Tutorial */,
				627C5BBD189396F700409C84 /* Moods */,
				ACAF7F09189421BB0021FC4C /* Mask.h */,
				ACAF7F0A189421BB0021FC4C /* Mask.m */,
				62A0B8F01895581D0037B7E4 /* Level.h */,
				62A0B8F11895581D0037B7E4 /* Level.m */,
				B737893D1807617C0076A88C /* AppDelegate.h */,
				B737893E1807617C0076A88C /* AppDelegate.m */,
				627C5C2318946C1200409C84 /* CCAnimatedSprite.h */,
				627C5C2418946C1200409C84 /* CCAnimatedSprite.m */,
				B7378992180767190076A88C /* MainScene.h */,
				B7378993180767190076A88C /* MainScene.m */,
				627C5BB31893750300409C84 /* Gameplay.h */,
				627C5BB41893750300409C84 /* Gameplay.m */,
				62A1F4C71895AA5200122E90 /* Startscreen.h */,
				62A1F4C81895AA5200122E90 /* Startscreen.m */,
				627C5BBA18938DAA00409C84 /* CCActionFollowGGJ.h */,
				627C5BBB18938DAA00409C84 /* CCActionFollowGGJ.m */,
				627C5BB71893873100409C84 /* GroundBlock.h */,
				627C5BB81893873100409C84 /* GroundBlock.m */,
				627C5BC118939D5300409C84 /* Hero.h */,
				627C5BC218939D5300409C84 /* Hero.m */,
				627C5BC41893B82D00409C84 /* BasicEnemy.h */,
				627C5BC51893B82D00409C84 /* BasicEnemy.m */,
				627C5BF91893FC3800409C84 /* LevelBatchNode.h */,
				627C5BFA1893FC3800409C84 /* LevelBatchNode.m */,
				627C5C051894676000409C84 /* GroundBlockEight.h */,
				627C5C061894676000409C84 /* GroundBlockEight.m */,
				627C5C091894677D00409C84 /* GroundBlock64.h */,
				627C5C0A1894677D00409C84 /* GroundBlock64.m */,
				62F4177D1894923400663BDD /* Block.h */,
				62F4177E1894923400663BDD /* Block.m */,
				62A0B8E71895278F0037B7E4 /* AngryEnemy.h */,
				62A0B8E81895278F0037B7E4 /* AngryEnemy.m */,
				AC0C8C8C1894B9DC00080A19 /* Enemy.h */,
				AC0C8C8D1894B9DC00080A19 /* Enemy.m */,
				62A0B8E41895274E0037B7E4 /* HappyEnemy.h */,
				62A0B8E51895274E0037B7E4 /* HappyEnemy.m */,
				62A0B8EA18954DF00037B7E4 /* SadEnemy.h */,
				62A0B8EB18954DF00037B7E4 /* SadEnemy.m */,
				62A0B8ED189551D90037B7E4 /* ScaredEnemy.h */,
				62A0B8EE189551D90037B7E4 /* ScaredEnemy.m */,
				62A0B8DE189505B20037B7E4 /* LevelDetails.h */,
				62A0B8DF189505B20037B7E4 /* LevelDetails.m */,
				62A0B8E118950D890037B7E4 /* GameState.h */,
				62A0B8E218950D890037B7E4 /* GameState.m */,
				62A0B8F31895644A0037B7E4 /* GoalPosition.h */,
				62A0B8F41895644A0037B7E4 /* GoalPosition.m */,
				62CB016718BC239C00EC8097 /* TutorialGameplay.h */,
				62CB016818BC239C00EC8097 /* TutorialGameplay.m */,
				624462171935A18000895F2D /* TutorialInstructionPopup.h */,
				624462181935A18000895F2D /* TutorialInstructionPopup.m */,
			);
			name = Source;
			sourceTree = "<group>";
		};
		B7378941180761A80076A88C /* Products */ = {
			isa = PBXGroup;
			children = (
				B737894B180761A90076A88C /* libcocos2d.a */,
				624BB6B31A27075A00099579 /* libcocos2dAndroid.a */,
				624BB6B51A27075A00099579 /* cocos2dJava.jar */,
				624BB6B71A27075A00099579 /* libcocos2d-mac.a */,
			);
			name = Products;
			sourceTree = "<group>";
		};
		B77F1B2517B978D7009739AE = {
			isa = PBXGroup;
			children = (
				B737893C1807616C0076A88C /* Source */,
				B77F1B4617B978D7009739AE /* Resources */,
				9222E2B918734FF800A246C7 /* libs */,
				B77F1CCF17B978D8009739AE /* Supporting Files */,
				B77F1B3017B978D7009739AE /* Frameworks */,
				B77F1B2F17B978D7009739AE /* Products */,
			);
			sourceTree = "<group>";
		};
		B77F1B2F17B978D7009739AE /* Products */ = {
			isa = PBXGroup;
			children = (
				B77F1B2E17B978D7009739AE /* Hero's Masks.app */,
			);
			name = Products;
			sourceTree = "<group>";
		};
		B77F1B3017B978D7009739AE /* Frameworks */ = {
			isa = PBXGroup;
			children = (
				621168921A2A5FB5007951D9 /* Kamcord.embeddedframework */,
				62E639111992FA5E00B40584 /* StoreKit.framework */,
				62ADFA5F19914BD400AD451F /* mgwuSDK.embeddedframework */,
				62CF7D8C198DFE7400ABF971 /* Twitter.framework */,
				62CF7D8A198DFE6D00ABF971 /* SystemConfiguration.framework */,
				62CF7D88198DFE5900ABF971 /* Social.framework */,
				62CF7D86198DFE5000ABF971 /* Security.framework */,
				62CF7D84198DFE3B00ABF971 /* MessageUI.framework */,
				62CF7D82198DFE3100ABF971 /* MediaPlayer.framework */,
				62CF7D80198DFE2500ABF971 /* CoreVideo.framework */,
				62CF7D7E198DFE1900ABF971 /* CoreMedia.framework */,
				62CF7D7C198DFE0900ABF971 /* CoreImage.framework */,
				62CF7D7A198DFDE600ABF971 /* AdSupport.framework */,
				62CF7D78198DFDDB00ABF971 /* Accounts.framework */,
				623468FD1969A8CE0030AC0A /* GLKit.framework */,
				B7B3713D180358F1007369CC /* libObjectiveChipmunk.a */,
				B77F1B3117B978D7009739AE /* QuartzCore.framework */,
				B77F1B3317B978D7009739AE /* OpenGLES.framework */,
				B77F1B3517B978D7009739AE /* OpenAL.framework */,
				B77F1B3717B978D7009739AE /* AudioToolbox.framework */,
				B77F1B3917B978D7009739AE /* AVFoundation.framework */,
				B77F1B3B17B978D7009739AE /* UIKit.framework */,
				B77F1B3D17B978D7009739AE /* Foundation.framework */,
				B77F1B3F17B978D7009739AE /* CoreGraphics.framework */,
				B77F1B4117B978D7009739AE /* CoreText.framework */,
			);
			name = Frameworks;
			sourceTree = "<group>";
		};
		B77F1B4617B978D7009739AE /* Resources */ = {
			isa = PBXGroup;
			children = (
				62ADFAEE19915D2700AD451F /* Images.xcassets */,
				622671FD18E794740094A8B9 /* Additional-Resources */,
				62A0B8D71894F5050037B7E4 /* Levels */,
				B737893A180761570076A88C /* Published-iOS */,
				62CB017618C2A00800EC8097 /* Localizable.strings */,
			);
			name = Resources;
			path = Source/Resources;
			sourceTree = "<group>";
		};
		B77F1CCF17B978D8009739AE /* Supporting Files */ = {
			isa = PBXGroup;
			children = (
				B73789851807631A0076A88C /* main.m */,
				B73789861807631A0076A88C /* Prefix.pch */,
			);
			name = "Supporting Files";
			sourceTree = "<group>";
		};
/* End PBXGroup section */

/* Begin PBXNativeTarget section */
		B77F1B2D17B978D7009739AE /* PivotVividGGJ14 */ = {
			isa = PBXNativeTarget;
			buildConfigurationList = B77F1CDE17B978D8009739AE /* Build configuration list for PBXNativeTarget "PivotVividGGJ14" */;
			buildPhases = (
				B77F1B2A17B978D7009739AE /* Sources */,
				B77F1B2B17B978D7009739AE /* Frameworks */,
				B77F1B2C17B978D7009739AE /* Resources */,
			);
			buildRules = (
			);
			dependencies = (
				B7378989180764180076A88C /* PBXTargetDependency */,
			);
			name = PivotVividGGJ14;
			productName = Example;
			productReference = B77F1B2E17B978D7009739AE /* Hero's Masks.app */;
			productType = "com.apple.product-type.application";
		};
/* End PBXNativeTarget section */

/* Begin PBXProject section */
		B77F1B2617B978D7009739AE /* Project object */ = {
			isa = PBXProject;
			attributes = {
				LastUpgradeCheck = 0460;
				ORGANIZATIONNAME = Apportable;
				TargetAttributes = {
					B77F1B2D17B978D7009739AE = {
						DevelopmentTeam = UBXY3JK49V;
						SystemCapabilities = {
							com.apple.GameCenter = {
								enabled = 0;
							};
						};
					};
				};
			};
			buildConfigurationList = B77F1B2917B978D7009739AE /* Build configuration list for PBXProject "PivotVividGGJ14" */;
			compatibilityVersion = "Xcode 3.2";
			developmentRegion = English;
			hasScannedForEncodings = 0;
			knownRegions = (
				en,
			);
			mainGroup = B77F1B2517B978D7009739AE;
			productRefGroup = B77F1B2F17B978D7009739AE /* Products */;
			projectDirPath = "";
			projectReferences = (
				{
					ProductGroup = B7378941180761A80076A88C /* Products */;
					ProjectRef = B7378940180761A80076A88C /* cocos2d-ios.xcodeproj */;
				},
			);
			projectRoot = "";
			targets = (
				B77F1B2D17B978D7009739AE /* PivotVividGGJ14 */,
			);
		};
/* End PBXProject section */

/* Begin PBXReferenceProxy section */
		624BB6B31A27075A00099579 /* libcocos2dAndroid.a */ = {
			isa = PBXReferenceProxy;
			fileType = archive.ar;
			path = libcocos2dAndroid.a;
			remoteRef = 624BB6B21A27075A00099579 /* PBXContainerItemProxy */;
			sourceTree = BUILT_PRODUCTS_DIR;
		};
		624BB6B51A27075A00099579 /* cocos2dJava.jar */ = {
			isa = PBXReferenceProxy;
			fileType = compiled.java.jar;
			path = cocos2dJava.jar;
			remoteRef = 624BB6B41A27075A00099579 /* PBXContainerItemProxy */;
			sourceTree = BUILT_PRODUCTS_DIR;
		};
		624BB6B71A27075A00099579 /* libcocos2d-mac.a */ = {
			isa = PBXReferenceProxy;
			fileType = archive.ar;
			path = "libcocos2d-mac.a";
			remoteRef = 624BB6B61A27075A00099579 /* PBXContainerItemProxy */;
			sourceTree = BUILT_PRODUCTS_DIR;
		};
		B737894B180761A90076A88C /* libcocos2d.a */ = {
			isa = PBXReferenceProxy;
			fileType = archive.ar;
			path = libcocos2d.a;
			remoteRef = B737894A180761A90076A88C /* PBXContainerItemProxy */;
			sourceTree = BUILT_PRODUCTS_DIR;
		};
/* End PBXReferenceProxy section */

/* Begin PBXResourcesBuildPhase section */
		B77F1B2C17B978D7009739AE /* Resources */ = {
			isa = PBXResourcesBuildPhase;
			buildActionMask = 2147483647;
			files = (
				62ADFAD419914BD400AD451F /* MGWUBackgroundDark-Portrait@2x~ipad.png in Resources */,
				62ADFAEA19914BD400AD451F /* send-button-inactive.png in Resources */,
				62ADFAC519914BD400AD451F /* MGWUAboutFooter-Portrait@2x~iphone.png in Resources */,
				62ADFAAD19914BD400AD451F /* FBLoginButton.png in Resources */,
				62ADFAC819914BD400AD451F /* MGWUBackground-Landscape@2x~ipad.png in Resources */,
				62ADFAE219914BD400AD451F /* mgwuPlaceholderIcon.png in Resources */,
				62ADFAA819914BD400AD451F /* aqua.png in Resources */,
				62ADFAC019914BD400AD451F /* MGWUAboutFooter-Landscape@2x~ipad.png in Resources */,
				62ADFAAB19914BD400AD451F /* FacebookIcon.png in Resources */,
				62ADFAB619914BD400AD451F /* grey-background.png in Resources */,
				62ADFADF19914BD400AD451F /* mgwuLogo@2x.png in Resources */,
				62ADFAC719914BD400AD451F /* MGWUAboutFooter-Portrait~iphone.png in Resources */,
				62ADFAE919914BD400AD451F /* send-button-active.png in Resources */,
				62ADFAE519914BD400AD451F /* mgwuPlaceholderIconDark@2x.png in Resources */,
				62ADFAC119914BD400AD451F /* MGWUAboutFooter-Landscape@2x~iphone.png in Resources */,
				62ADFAD219914BD400AD451F /* MGWUBackgroundDark-Landscape~ipad.png in Resources */,
				62ADFAAA19914BD400AD451F /* CrossPromoViewController.nib in Resources */,
				62ADFAC919914BD400AD451F /* MGWUBackground-Landscape@2x~iphone.png in Resources */,
				62ADFAD719914BD400AD451F /* MGWUBackgroundDark-Portrait~iphone.png in Resources */,
				62ADFAEC19914BD400AD451F /* send-field-landscape.png in Resources */,
				62A0B8DA1894F51D0037B7E4 /* Levels.plist in Resources */,
				62ADFACE19914BD400AD451F /* MGWUBackground-Portrait~ipad.png in Resources */,
				B737893B180761570076A88C /* Published-iOS in Resources */,
				62ADFAC319914BD400AD451F /* MGWUAboutFooter-Landscape~iphone.png in Resources */,
				62ADFAEF19915D2700AD451F /* Images.xcassets in Resources */,
				62ADFADB19914BD400AD451F /* MGWUFacebookLoginLandscapeDark.nib in Resources */,
				62ADFABA19914BD400AD451F /* hipmobsend_field@2x.png in Resources */,
				62ADFAE319914BD400AD451F /* mgwuPlaceholderIcon@2x.png in Resources */,
				62ADFAB419914BD400AD451F /* FBNoThanksButtonPressed@2x.png in Resources */,
				62ADFAD619914BD400AD451F /* MGWUBackgroundDark-Portrait~ipad.png in Resources */,
				6211689D1A2A5FB5007951D9 /* KC_GTMOAuth2ViewTouch.nib in Resources */,
				62CB017418C2A00800EC8097 /* Localizable.strings in Resources */,
				62ADFABE19914BD400AD451F /* mgwu-m@2x.png in Resources */,
				62ADFAD919914BD400AD451F /* MGWUClose@2x.png in Resources */,
				62ADFAE619914BD400AD451F /* operator.available.png in Resources */,
				62ADFACB19914BD400AD451F /* MGWUBackground-Landscape~iphone.png in Resources */,
				62ADFABD19914BD400AD451F /* mgwu-m.png in Resources */,
				62ADFAA919914BD400AD451F /* bluechatbubble.png in Resources */,
				62ADFAE019914BD400AD451F /* mgwuLogoDark.png in Resources */,
				62ADFADC19914BD400AD451F /* MGWUFacebookLoginPortrait.nib in Resources */,
				62ADFAE819914BD400AD451F /* operator.unavailable.png in Resources */,
				62ADFAAE19914BD400AD451F /* FBLoginButton@2x.png in Resources */,
				62ADFACD19914BD400AD451F /* MGWUBackground-Portrait@2x~iphone.png in Resources */,
				62ADFAB319914BD400AD451F /* FBNoThanksButtonPressed.png in Resources */,
				62ADFADA19914BD400AD451F /* MGWUFacebookLoginLandscape.nib in Resources */,
				62ADFAD519914BD400AD451F /* MGWUBackgroundDark-Portrait@2x~iphone.png in Resources */,
				62ADFAC419914BD400AD451F /* MGWUAboutFooter-Portrait@2x~ipad.png in Resources */,
				62ADFACF19914BD400AD451F /* MGWUBackground-Portrait~iphone.png in Resources */,
				62ADFACC19914BD400AD451F /* MGWUBackground-Portrait@2x~ipad.png in Resources */,
				62ADFAC619914BD400AD451F /* MGWUAboutFooter-Portrait~ipad.png in Resources */,
				62ADFAB219914BD400AD451F /* FBNoThanksButton@2x.png in Resources */,
				62ADFABF19914BD400AD451F /* MGWUAboutFooter-Landscape-568h@2x~iphone.png in Resources */,
				62ADFAD019914BD400AD451F /* MGWUBackgroundDark-Landscape@2x~ipad.png in Resources */,
				62ADFAB119914BD400AD451F /* FBNoThanksButton.png in Resources */,
				6211689C1A2A5FB5007951D9 /* KamcordiPhone.storyboardc in Resources */,
				62ADFAEB19914BD400AD451F /* send-button-instate.png in Resources */,
				62ADFAB919914BD400AD451F /* hipmobsend_field.png in Resources */,
				622671FE18E794740094A8B9 /* Additional-Resources in Resources */,
				6211689A1A2A5FB5007951D9 /* Kamcord.bundle in Resources */,
				62ADFAB019914BD400AD451F /* FBLoginButtonPressed@2x.png in Resources */,
				62ADFAD319914BD400AD451F /* MGWUBackgroundDark-Landscape~iphone.png in Resources */,
				62ADFADE19914BD400AD451F /* mgwuLogo.png in Resources */,
				62ADFACA19914BD400AD451F /* MGWUBackground-Landscape~ipad.png in Resources */,
				62ADFAB719914BD400AD451F /* hipmob.back.btn.png in Resources */,
				62ADFABB19914BD400AD451F /* mgwu-gk-notification.png in Resources */,
				62ADFADD19914BD400AD451F /* MGWUFacebookLoginPortraitDark.nib in Resources */,
				62ADFAC219914BD400AD451F /* MGWUAboutFooter-Landscape~ipad.png in Resources */,
				62ADFAE419914BD400AD451F /* mgwuPlaceholderIconDark.png in Resources */,
				62ADFAB519914BD400AD451F /* green.png in Resources */,
				62ADFAD819914BD400AD451F /* MGWUClose.png in Resources */,
				62ADFAB819914BD400AD451F /* hipmob.send.png in Resources */,
				62ADFAE119914BD400AD451F /* mgwuLogoDark@2x.png in Resources */,
				62ADFABC19914BD400AD451F /* mgwu-gk-notification@2x.png in Resources */,
				62ADFAAF19914BD400AD451F /* FBLoginButtonPressed.png in Resources */,
				62ADFAD119914BD400AD451F /* MGWUBackgroundDark-Landscape@2x~iphone.png in Resources */,
				62ADFAE719914BD400AD451F /* operator.connecting.png in Resources */,
				6211689B1A2A5FB5007951D9 /* KamcordiPad.storyboardc in Resources */,
				62ADFAAC19914BD400AD451F /* fb_connect.png in Resources */,
			);
			runOnlyForDeploymentPostprocessing = 0;
		};
/* End PBXResourcesBuildPhase section */

/* Begin PBXSourcesBuildPhase section */
		B77F1B2A17B978D7009739AE /* Sources */ = {
			isa = PBXSourcesBuildPhase;
			buildActionMask = 2147483647;
			files = (
				6226720118E8990C0094A8B9 /* TutorialFragment1_2.m in Sources */,
				62ADFA58198E7F5400AD451F /* LightSource.m in Sources */,
				AC0C8C8E1894B9DC00080A19 /* Enemy.m in Sources */,
				62A0B8E318950D890037B7E4 /* GameState.m in Sources */,
				B737893F1807617C0076A88C /* AppDelegate.m in Sources */,
				627C5BC01893972600409C84 /* Mood.m in Sources */,
				62D3F310197E044A001C51F8 /* LevelTile.m in Sources */,
				627C5BBC18938DAA00409C84 /* CCActionFollowGGJ.m in Sources */,
				62F4177F1894923400663BDD /* Block.m in Sources */,
				62A0B8F21895581D0037B7E4 /* Level.m in Sources */,
				627C5BFB1893FC3800409C84 /* LevelBatchNode.m in Sources */,
				62BE00B5199746DB00796091 /* IAPManager.m in Sources */,
				622BE81D18D2BCB9009178AF /* TutorialFragment1_0.m in Sources */,
				627C5C071894676000409C84 /* GroundBlockEight.m in Sources */,
				62A0B8F51895644B0037B7E4 /* GoalPosition.m in Sources */,
				62A0B8E61895274E0037B7E4 /* HappyEnemy.m in Sources */,
				627C5BC61893B82D00409C84 /* BasicEnemy.m in Sources */,
				622BE81E18D2BCB9009178AF /* TutorialFragment1_1.m in Sources */,
				62095C1F196A0E9300FCEC78 /* TutorialFragment1_4.m in Sources */,
				62CB017118C29C1F00EC8097 /* TutorialFragment.m in Sources */,
				62095C26196A18C800FCEC78 /* UIUtils.m in Sources */,
				62A0B8EC18954DF00037B7E4 /* SadEnemy.m in Sources */,
				621F0F9019856D30008A0A45 /* DisplayInstruction.m in Sources */,
				6241217119980D4700410E7C /* UIDeviceHardware.m in Sources */,
				627C5BB51893750300409C84 /* Gameplay.m in Sources */,
				6241216C1997544600410E7C /* PurchaseScreen.m in Sources */,
				62A1F4C91895AA5200122E90 /* Startscreen.m in Sources */,
				627C5BB91893873100409C84 /* GroundBlock.m in Sources */,
				B7378994180767190076A88C /* MainScene.m in Sources */,
				62CB016918BC239C00EC8097 /* TutorialGameplay.m in Sources */,
				627C5C0B1894677D00409C84 /* GroundBlock64.m in Sources */,
				62A0B8E0189505B20037B7E4 /* LevelDetails.m in Sources */,
				B73789871807631A0076A88C /* main.m in Sources */,
				624462191935A18000895F2D /* TutorialInstructionPopup.m in Sources */,
				627C5BC318939D5300409C84 /* Hero.m in Sources */,
				62CF7D6A198DDBBA00ABF971 /* GameEndLayer.m in Sources */,
				62CF7D90198E78E200ABF971 /* LightingLayer.m in Sources */,
				621F0F8D198562A6008A0A45 /* Instruction.m in Sources */,
				623469051969C5AB0030AC0A /* TutorialFragment1_3.m in Sources */,
				62A0B8EF189551D90037B7E4 /* ScaredEnemy.m in Sources */,
				ACAF7F0B189421BB0021FC4C /* Mask.m in Sources */,
				62A0B8E91895278F0037B7E4 /* AngryEnemy.m in Sources */,
				627C5C2518946C1200409C84 /* CCAnimatedSprite.m in Sources */,
			);
			runOnlyForDeploymentPostprocessing = 0;
		};
/* End PBXSourcesBuildPhase section */

/* Begin PBXTargetDependency section */
		B7378989180764180076A88C /* PBXTargetDependency */ = {
			isa = PBXTargetDependency;
			name = cocos2d;
			targetProxy = B7378988180764180076A88C /* PBXContainerItemProxy */;
		};
/* End PBXTargetDependency section */

/* Begin PBXVariantGroup section */
		62CB017618C2A00800EC8097 /* Localizable.strings */ = {
			isa = PBXVariantGroup;
			children = (
				62CB017518C2A00800EC8097 /* Base */,
				62CB017718C2A00C00EC8097 /* en */,
			);
			name = Localizable.strings;
			sourceTree = "<group>";
		};
/* End PBXVariantGroup section */

/* Begin XCBuildConfiguration section */
		B77F1CDC17B978D8009739AE /* Debug */ = {
			isa = XCBuildConfiguration;
			buildSettings = {
				ARCHS = "$(ARCHS_STANDARD_32_BIT)";
				"CODE_SIGN_IDENTITY[sdk=iphoneos*]" = "iPhone Developer";
				GCC_C_LANGUAGE_STANDARD = gnu99;
				GCC_OPTIMIZATION_LEVEL = 0;
				GCC_PREPROCESSOR_DEFINITIONS = (
					DEBUG,
					"COCOS2D_DEBUG=1",
				);
				GCC_SYMBOLS_PRIVATE_EXTERN = NO;
				GCC_VERSION = com.apple.compilers.llvm.clang.1_0;
				GCC_WARN_ABOUT_RETURN_TYPE = YES;
				GCC_WARN_UNUSED_VARIABLE = YES;
				IPHONEOS_DEPLOYMENT_TARGET = 4.0;
				SDKROOT = iphoneos;
				TARGETED_DEVICE_FAMILY = "1,2";
			};
			name = Debug;
		};
		B77F1CDD17B978D8009739AE /* Release */ = {
			isa = XCBuildConfiguration;
			buildSettings = {
				ARCHS = "$(ARCHS_STANDARD_32_BIT)";
				"CODE_SIGN_IDENTITY[sdk=iphoneos*]" = "iPhone Developer";
				GCC_C_LANGUAGE_STANDARD = gnu99;
				GCC_PREPROCESSOR_DEFINITIONS = (
					NDEBUG,
					"NS_BLOCK_ASSERTIONS=1",
				);
				GCC_VERSION = com.apple.compilers.llvm.clang.1_0;
				GCC_WARN_ABOUT_RETURN_TYPE = YES;
				GCC_WARN_UNUSED_VARIABLE = YES;
				IPHONEOS_DEPLOYMENT_TARGET = 4.0;
				SDKROOT = iphoneos;
				TARGETED_DEVICE_FAMILY = "1,2";
			};
			name = Release;
		};
		B77F1CDF17B978D8009739AE /* Debug */ = {
			isa = XCBuildConfiguration;
			buildSettings = {
				ALWAYS_SEARCH_USER_PATHS = NO;
				ARCHS = "$(ARCHS_STANDARD)";
				ASSETCATALOG_COMPILER_APPICON_NAME = AppIcon;
				ASSETCATALOG_COMPILER_LAUNCHIMAGE_NAME = LaunchImage;
				CLANG_ENABLE_OBJC_ARC = YES;
				CODE_SIGN_IDENTITY = "iPhone Developer";
				"CODE_SIGN_IDENTITY[sdk=iphoneos*]" = "iPhone Developer";
				COPY_PHASE_STRIP = NO;
				FRAMEWORK_SEARCH_PATHS = (
					"$(inherited)",
					"$(PROJECT_DIR)/Frameworks/mgwuSDK.embeddedframework",
					"$(PROJECT_DIR)/Frameworks/Kamcord.embeddedframework",
				);
				GCC_DYNAMIC_NO_PIC = NO;
				GCC_PRECOMPILE_PREFIX_HEADER = YES;
				GCC_PREFIX_HEADER = Source/Prefix.pch;
				HEADER_SEARCH_PATHS = (
					"\"Source/libs/cocos2d-iphone/external/kazmath/include\"/**",
					"\"Source/libs/cocos2d-iphone/cocos2d\"/**",
					"Source/libs/cocos2d-iphone/external/Chipmunk/objectivec/include",
					"Source/libs/cocos2d-iphone/external/Chipmunk/include",
					"\"Source/libs/cocos2d-iphone/cocos2d-ui\"/**",
					"\"Source/libs/cocos2d-iphone/external/ObjectAL\"/**",
				);
				INFOPLIST_FILE = Source/Resources/Info.plist;
				IPHONEOS_DEPLOYMENT_TARGET = 7.0;
				ONLY_ACTIVE_ARCH = YES;
				OTHER_LDFLAGS = (
					"-lz",
					"-lsqlite3",
					"-ObjC",
				);
				PRODUCT_NAME = "Hero's Masks";
				PROVISIONING_PROFILE = "";
				TARGETED_DEVICE_FAMILY = 1;
				WRAPPER_EXTENSION = app;
			};
			name = Debug;
		};
		B77F1CE017B978D8009739AE /* Release */ = {
			isa = XCBuildConfiguration;
			buildSettings = {
				ALWAYS_SEARCH_USER_PATHS = NO;
				ARCHS = "$(ARCHS_STANDARD)";
				ASSETCATALOG_COMPILER_APPICON_NAME = AppIcon;
				ASSETCATALOG_COMPILER_LAUNCHIMAGE_NAME = LaunchImage;
				CLANG_ENABLE_OBJC_ARC = YES;
				CODE_SIGN_IDENTITY = "iPhone Developer";
				"CODE_SIGN_IDENTITY[sdk=iphoneos*]" = "iPhone Developer";
				COPY_PHASE_STRIP = YES;
				FRAMEWORK_SEARCH_PATHS = (
					"$(inherited)",
					"$(PROJECT_DIR)/Frameworks/mgwuSDK.embeddedframework",
					"$(PROJECT_DIR)/Frameworks/Kamcord.embeddedframework",
				);
				GCC_PRECOMPILE_PREFIX_HEADER = YES;
				GCC_PREFIX_HEADER = Source/Prefix.pch;
				HEADER_SEARCH_PATHS = (
					"\"Source/libs/cocos2d-iphone/external/kazmath/include\"/**",
					"\"Source/libs/cocos2d-iphone/cocos2d\"/**",
					"Source/libs/cocos2d-iphone/external/Chipmunk/objectivec/include",
					"Source/libs/cocos2d-iphone/external/Chipmunk/include",
					"\"Source/libs/cocos2d-iphone/cocos2d-ui\"/**",
					"\"Source/libs/cocos2d-iphone/external/ObjectAL\"/**",
				);
				INFOPLIST_FILE = Source/Resources/Info.plist;
				IPHONEOS_DEPLOYMENT_TARGET = 7.0;
				OTHER_LDFLAGS = (
					"-lz",
					"-lsqlite3",
					"-ObjC",
				);
				PRODUCT_NAME = "Hero's Masks";
				PROVISIONING_PROFILE = "";
				TARGETED_DEVICE_FAMILY = 1;
				VALIDATE_PRODUCT = YES;
				WRAPPER_EXTENSION = app;
			};
			name = Release;
		};
/* End XCBuildConfiguration section */

/* Begin XCConfigurationList section */
		B77F1B2917B978D7009739AE /* Build configuration list for PBXProject "PivotVividGGJ14" */ = {
			isa = XCConfigurationList;
			buildConfigurations = (
				B77F1CDC17B978D8009739AE /* Debug */,
				B77F1CDD17B978D8009739AE /* Release */,
			);
			defaultConfigurationIsVisible = 0;
			defaultConfigurationName = Release;
		};
		B77F1CDE17B978D8009739AE /* Build configuration list for PBXNativeTarget "PivotVividGGJ14" */ = {
			isa = XCConfigurationList;
			buildConfigurations = (
				B77F1CDF17B978D8009739AE /* Debug */,
				B77F1CE017B978D8009739AE /* Release */,
			);
			defaultConfigurationIsVisible = 0;
			defaultConfigurationName = Release;
		};
/* End XCConfigurationList section */
	};
	rootObject = B77F1B2617B978D7009739AE /* Project object */;
}
