// !$*UTF8*$!
{
	archiveVersion = 1;
	classes = {
	};
	objectVersion = 46;
	objects = {

/* Begin PBXBuildFile section */
		62095C1F196A0E9300FCEC78 /* TutorialFragment1_4.m in Sources */ = {isa = PBXBuildFile; fileRef = 62095C1E196A0E9300FCEC78 /* TutorialFragment1_4.m */; };
		62095C26196A18C800FCEC78 /* UIUtils.m in Sources */ = {isa = PBXBuildFile; fileRef = 62095C25196A18C800FCEC78 /* UIUtils.m */; };
		621F0F8D198562A6008A0A45 /* Instruction.m in Sources */ = {isa = PBXBuildFile; fileRef = 621F0F8C198562A6008A0A45 /* Instruction.m */; };
		621F0F9019856D30008A0A45 /* DisplayInstruction.m in Sources */ = {isa = PBXBuildFile; fileRef = 621F0F8F19856D30008A0A45 /* DisplayInstruction.m */; };
		622671FE18E794740094A8B9 /* Additional-Resources in Resources */ = {isa = PBXBuildFile; fileRef = 622671FD18E794740094A8B9 /* Additional-Resources */; };
		6226720118E8990C0094A8B9 /* TutorialFragment1_2.m in Sources */ = {isa = PBXBuildFile; fileRef = 6226720018E8990C0094A8B9 /* TutorialFragment1_2.m */; };
		622BE81D18D2BCB9009178AF /* TutorialFragment1_0.m in Sources */ = {isa = PBXBuildFile; fileRef = 622BE81A18D2BCB9009178AF /* TutorialFragment1_0.m */; };
		622BE81E18D2BCB9009178AF /* TutorialFragment1_1.m in Sources */ = {isa = PBXBuildFile; fileRef = 622BE81C18D2BCB9009178AF /* TutorialFragment1_1.m */; };
		623468FE1969A8CE0030AC0A /* GLKit.framework in Frameworks */ = {isa = PBXBuildFile; fileRef = 623468FD1969A8CE0030AC0A /* GLKit.framework */; };
		623469051969C5AB0030AC0A /* TutorialFragment1_3.m in Sources */ = {isa = PBXBuildFile; fileRef = 623469041969C5AB0030AC0A /* TutorialFragment1_3.m */; };
		624462191935A18000895F2D /* TutorialInstructionPopup.m in Sources */ = {isa = PBXBuildFile; fileRef = 624462181935A18000895F2D /* TutorialInstructionPopup.m */; };
		627C5BB51893750300409C84 /* Gameplay.m in Sources */ = {isa = PBXBuildFile; fileRef = 627C5BB41893750300409C84 /* Gameplay.m */; };
		627C5BB91893873100409C84 /* GroundBlock.m in Sources */ = {isa = PBXBuildFile; fileRef = 627C5BB81893873100409C84 /* GroundBlock.m */; };
		627C5BBC18938DAA00409C84 /* CCActionFollowGGJ.m in Sources */ = {isa = PBXBuildFile; fileRef = 627C5BBB18938DAA00409C84 /* CCActionFollowGGJ.m */; };
		627C5BC01893972600409C84 /* Mood.m in Sources */ = {isa = PBXBuildFile; fileRef = 627C5BBF1893972600409C84 /* Mood.m */; };
		627C5BC318939D5300409C84 /* Hero.m in Sources */ = {isa = PBXBuildFile; fileRef = 627C5BC218939D5300409C84 /* Hero.m */; };
		627C5BC61893B82D00409C84 /* BasicEnemy.m in Sources */ = {isa = PBXBuildFile; fileRef = 627C5BC51893B82D00409C84 /* BasicEnemy.m */; };
		627C5BF41893EE5C00409C84 /* angry.mp3 in Resources */ = {isa = PBXBuildFile; fileRef = 627C5BF01893EE5C00409C84 /* angry.mp3 */; };
		627C5BF51893EE5C00409C84 /* calm.mp3 in Resources */ = {isa = PBXBuildFile; fileRef = 627C5BF11893EE5C00409C84 /* calm.mp3 */; };
		627C5BF61893EE5C00409C84 /* fear.mp3 in Resources */ = {isa = PBXBuildFile; fileRef = 627C5BF21893EE5C00409C84 /* fear.mp3 */; };
		627C5BF71893EE5C00409C84 /* happy.mp3 in Resources */ = {isa = PBXBuildFile; fileRef = 627C5BF31893EE5C00409C84 /* happy.mp3 */; };
		627C5BFB1893FC3800409C84 /* LevelBatchNode.m in Sources */ = {isa = PBXBuildFile; fileRef = 627C5BFA1893FC3800409C84 /* LevelBatchNode.m */; };
		627C5C071894676000409C84 /* GroundBlockEight.m in Sources */ = {isa = PBXBuildFile; fileRef = 627C5C061894676000409C84 /* GroundBlockEight.m */; };
		627C5C0B1894677D00409C84 /* GroundBlock64.m in Sources */ = {isa = PBXBuildFile; fileRef = 627C5C0A1894677D00409C84 /* GroundBlock64.m */; };
		627C5C2518946C1200409C84 /* CCAnimatedSprite.m in Sources */ = {isa = PBXBuildFile; fileRef = 627C5C2418946C1200409C84 /* CCAnimatedSprite.m */; };
		62A0B8DA1894F51D0037B7E4 /* Levels.plist in Resources */ = {isa = PBXBuildFile; fileRef = 62A0B8D91894F51D0037B7E4 /* Levels.plist */; };
		62A0B8E0189505B20037B7E4 /* LevelDetails.m in Sources */ = {isa = PBXBuildFile; fileRef = 62A0B8DF189505B20037B7E4 /* LevelDetails.m */; };
		62A0B8E318950D890037B7E4 /* GameState.m in Sources */ = {isa = PBXBuildFile; fileRef = 62A0B8E218950D890037B7E4 /* GameState.m */; };
		62A0B8E61895274E0037B7E4 /* HappyEnemy.m in Sources */ = {isa = PBXBuildFile; fileRef = 62A0B8E51895274E0037B7E4 /* HappyEnemy.m */; };
		62A0B8E91895278F0037B7E4 /* AngryEnemy.m in Sources */ = {isa = PBXBuildFile; fileRef = 62A0B8E81895278F0037B7E4 /* AngryEnemy.m */; };
		62A0B8EC18954DF00037B7E4 /* SadEnemy.m in Sources */ = {isa = PBXBuildFile; fileRef = 62A0B8EB18954DF00037B7E4 /* SadEnemy.m */; };
		62A0B8EF189551D90037B7E4 /* ScaredEnemy.m in Sources */ = {isa = PBXBuildFile; fileRef = 62A0B8EE189551D90037B7E4 /* ScaredEnemy.m */; };
		62A0B8F21895581D0037B7E4 /* Level.m in Sources */ = {isa = PBXBuildFile; fileRef = 62A0B8F11895581D0037B7E4 /* Level.m */; };
		62A0B8F51895644B0037B7E4 /* GoalPosition.m in Sources */ = {isa = PBXBuildFile; fileRef = 62A0B8F41895644A0037B7E4 /* GoalPosition.m */; };
		62A1F4C91895AA5200122E90 /* Startscreen.m in Sources */ = {isa = PBXBuildFile; fileRef = 62A1F4C81895AA5200122E90 /* Startscreen.m */; };
		62CB016918BC239C00EC8097 /* TutorialGameplay.m in Sources */ = {isa = PBXBuildFile; fileRef = 62CB016818BC239C00EC8097 /* TutorialGameplay.m */; };
		62CB017118C29C1F00EC8097 /* TutorialFragment.m in Sources */ = {isa = PBXBuildFile; fileRef = 62CB017018C29C1F00EC8097 /* TutorialFragment.m */; };
		62CB017418C2A00800EC8097 /* Localizable.strings in Resources */ = {isa = PBXBuildFile; fileRef = 62CB017618C2A00800EC8097 /* Localizable.strings */; };
		62D3F310197E044A001C51F8 /* LevelTile.m in Sources */ = {isa = PBXBuildFile; fileRef = 62D3F30F197E044A001C51F8 /* LevelTile.m */; };
		62F4177F1894923400663BDD /* Block.m in Sources */ = {isa = PBXBuildFile; fileRef = 62F4177E1894923400663BDD /* Block.m */; };
		AC0C8C8E1894B9DC00080A19 /* Enemy.m in Sources */ = {isa = PBXBuildFile; fileRef = AC0C8C8D1894B9DC00080A19 /* Enemy.m */; };
		ACAF7F0B189421BB0021FC4C /* Mask.m in Sources */ = {isa = PBXBuildFile; fileRef = ACAF7F0A189421BB0021FC4C /* Mask.m */; };
		B71F5911188484E7003F4D28 /* iPad-old.png in Resources */ = {isa = PBXBuildFile; fileRef = B71F5907188484E7003F4D28 /* iPad-old.png */; };
		B71F5912188484E7003F4D28 /* iPad-old@2x.png in Resources */ = {isa = PBXBuildFile; fileRef = B71F5908188484E7003F4D28 /* iPad-old@2x.png */; };
		B71F5913188484E7003F4D28 /* iPad.png in Resources */ = {isa = PBXBuildFile; fileRef = B71F5909188484E7003F4D28 /* iPad.png */; };
		B71F5914188484E7003F4D28 /* iPad@2x.png in Resources */ = {isa = PBXBuildFile; fileRef = B71F590A188484E7003F4D28 /* iPad@2x.png */; };
		B71F5915188484E7003F4D28 /* iPhone-old.png in Resources */ = {isa = PBXBuildFile; fileRef = B71F590B188484E7003F4D28 /* iPhone-old.png */; };
		B71F5916188484E7003F4D28 /* iPhone-old@2x.png in Resources */ = {isa = PBXBuildFile; fileRef = B71F590C188484E7003F4D28 /* iPhone-old@2x.png */; };
		B71F5917188484E7003F4D28 /* iPhone.png in Resources */ = {isa = PBXBuildFile; fileRef = B71F590D188484E7003F4D28 /* iPhone.png */; };
		B71F5918188484E7003F4D28 /* iPhone@2x.png in Resources */ = {isa = PBXBuildFile; fileRef = B71F590E188484E7003F4D28 /* iPhone@2x.png */; };
		B71F5919188484E7003F4D28 /* Settings.png in Resources */ = {isa = PBXBuildFile; fileRef = B71F590F188484E7003F4D28 /* Settings.png */; };
		B71F591A188484E7003F4D28 /* Settings@2x.png in Resources */ = {isa = PBXBuildFile; fileRef = B71F5910188484E7003F4D28 /* Settings@2x.png */; };
		B737893B180761570076A88C /* Published-iOS in Resources */ = {isa = PBXBuildFile; fileRef = B737893A180761570076A88C /* Published-iOS */; };
		B737893F1807617C0076A88C /* AppDelegate.m in Sources */ = {isa = PBXBuildFile; fileRef = B737893E1807617C0076A88C /* AppDelegate.m */; };
		B7378975180762440076A88C /* Default-568h@2x.png in Resources */ = {isa = PBXBuildFile; fileRef = B737896B180762440076A88C /* Default-568h@2x.png */; };
		B7378976180762440076A88C /* Default-Landscape~ipad.png in Resources */ = {isa = PBXBuildFile; fileRef = B737896C180762440076A88C /* Default-Landscape~ipad.png */; };
		B7378977180762440076A88C /* Default.png in Resources */ = {isa = PBXBuildFile; fileRef = B737896D180762440076A88C /* Default.png */; };
		B7378978180762440076A88C /* Default@2x.png in Resources */ = {isa = PBXBuildFile; fileRef = B737896E180762440076A88C /* Default@2x.png */; };
		B73789871807631A0076A88C /* main.m in Sources */ = {isa = PBXBuildFile; fileRef = B73789851807631A0076A88C /* main.m */; };
		B737898A1807642B0076A88C /* libcocos2d.a in Frameworks */ = {isa = PBXBuildFile; fileRef = B737894B180761A90076A88C /* libcocos2d.a */; };
		B7378994180767190076A88C /* MainScene.m in Sources */ = {isa = PBXBuildFile; fileRef = B7378993180767190076A88C /* MainScene.m */; };
		B77F1B3217B978D7009739AE /* QuartzCore.framework in Frameworks */ = {isa = PBXBuildFile; fileRef = B77F1B3117B978D7009739AE /* QuartzCore.framework */; };
		B77F1B3417B978D7009739AE /* OpenGLES.framework in Frameworks */ = {isa = PBXBuildFile; fileRef = B77F1B3317B978D7009739AE /* OpenGLES.framework */; };
		B77F1B3617B978D7009739AE /* OpenAL.framework in Frameworks */ = {isa = PBXBuildFile; fileRef = B77F1B3517B978D7009739AE /* OpenAL.framework */; };
		B77F1B3817B978D7009739AE /* AudioToolbox.framework in Frameworks */ = {isa = PBXBuildFile; fileRef = B77F1B3717B978D7009739AE /* AudioToolbox.framework */; };
		B77F1B3A17B978D7009739AE /* AVFoundation.framework in Frameworks */ = {isa = PBXBuildFile; fileRef = B77F1B3917B978D7009739AE /* AVFoundation.framework */; };
		B77F1B3C17B978D7009739AE /* UIKit.framework in Frameworks */ = {isa = PBXBuildFile; fileRef = B77F1B3B17B978D7009739AE /* UIKit.framework */; };
		B77F1B3E17B978D7009739AE /* Foundation.framework in Frameworks */ = {isa = PBXBuildFile; fileRef = B77F1B3D17B978D7009739AE /* Foundation.framework */; };
		B77F1B4017B978D7009739AE /* CoreGraphics.framework in Frameworks */ = {isa = PBXBuildFile; fileRef = B77F1B3F17B978D7009739AE /* CoreGraphics.framework */; };
		B77F1B4217B978D7009739AE /* CoreText.framework in Frameworks */ = {isa = PBXBuildFile; fileRef = B77F1B4117B978D7009739AE /* CoreText.framework */; };
/* End PBXBuildFile section */

/* Begin PBXContainerItemProxy section */
		B737894A180761A90076A88C /* PBXContainerItemProxy */ = {
			isa = PBXContainerItemProxy;
			containerPortal = B7378940180761A80076A88C /* cocos2d-ios.xcodeproj */;
			proxyType = 2;
			remoteGlobalIDString = 5018F24D0DFDEAC400C013A5;
			remoteInfo = cocos2d;
		};
		B7378988180764180076A88C /* PBXContainerItemProxy */ = {
			isa = PBXContainerItemProxy;
			containerPortal = B7378940180761A80076A88C /* cocos2d-ios.xcodeproj */;
			proxyType = 1;
			remoteGlobalIDString = 5018F24C0DFDEAC400C013A5;
			remoteInfo = cocos2d;
		};
/* End PBXContainerItemProxy section */

/* Begin PBXFileReference section */
		62095C1D196A0E9300FCEC78 /* TutorialFragment1_4.h */ = {isa = PBXFileReference; fileEncoding = 4; lastKnownFileType = sourcecode.c.h; path = TutorialFragment1_4.h; sourceTree = "<group>"; };
		62095C1E196A0E9300FCEC78 /* TutorialFragment1_4.m */ = {isa = PBXFileReference; fileEncoding = 4; lastKnownFileType = sourcecode.c.objc; path = TutorialFragment1_4.m; sourceTree = "<group>"; };
		62095C24196A18BD00FCEC78 /* UIUtils.h */ = {isa = PBXFileReference; lastKnownFileType = sourcecode.c.h; path = UIUtils.h; sourceTree = "<group>"; };
		62095C25196A18C800FCEC78 /* UIUtils.m */ = {isa = PBXFileReference; fileEncoding = 4; lastKnownFileType = sourcecode.c.objc; path = UIUtils.m; sourceTree = "<group>"; };
		621F0F8B198562A6008A0A45 /* Instruction.h */ = {isa = PBXFileReference; fileEncoding = 4; lastKnownFileType = sourcecode.c.h; path = Instruction.h; sourceTree = "<group>"; };
		621F0F8C198562A6008A0A45 /* Instruction.m */ = {isa = PBXFileReference; fileEncoding = 4; lastKnownFileType = sourcecode.c.objc; path = Instruction.m; sourceTree = "<group>"; };
		621F0F8E19856D30008A0A45 /* DisplayInstruction.h */ = {isa = PBXFileReference; fileEncoding = 4; lastKnownFileType = sourcecode.c.h; path = DisplayInstruction.h; sourceTree = "<group>"; };
		621F0F8F19856D30008A0A45 /* DisplayInstruction.m */ = {isa = PBXFileReference; fileEncoding = 4; lastKnownFileType = sourcecode.c.objc; path = DisplayInstruction.m; sourceTree = "<group>"; };
		622671FD18E794740094A8B9 /* Additional-Resources */ = {isa = PBXFileReference; lastKnownFileType = folder; path = "Additional-Resources"; sourceTree = "<group>"; };
		622671FF18E8990C0094A8B9 /* TutorialFragment1_2.h */ = {isa = PBXFileReference; fileEncoding = 4; lastKnownFileType = sourcecode.c.h; path = TutorialFragment1_2.h; sourceTree = "<group>"; };
		6226720018E8990C0094A8B9 /* TutorialFragment1_2.m */ = {isa = PBXFileReference; fileEncoding = 4; lastKnownFileType = sourcecode.c.objc; path = TutorialFragment1_2.m; sourceTree = "<group>"; };
		622BE81918D2BCB9009178AF /* TutorialFragment1_0.h */ = {isa = PBXFileReference; fileEncoding = 4; lastKnownFileType = sourcecode.c.h; path = TutorialFragment1_0.h; sourceTree = "<group>"; };
		622BE81A18D2BCB9009178AF /* TutorialFragment1_0.m */ = {isa = PBXFileReference; fileEncoding = 4; lastKnownFileType = sourcecode.c.objc; path = TutorialFragment1_0.m; sourceTree = "<group>"; };
		622BE81B18D2BCB9009178AF /* TutorialFragment1_1.h */ = {isa = PBXFileReference; fileEncoding = 4; lastKnownFileType = sourcecode.c.h; path = TutorialFragment1_1.h; sourceTree = "<group>"; };
		622BE81C18D2BCB9009178AF /* TutorialFragment1_1.m */ = {isa = PBXFileReference; fileEncoding = 4; lastKnownFileType = sourcecode.c.objc; path = TutorialFragment1_1.m; sourceTree = "<group>"; };
		623468FD1969A8CE0030AC0A /* GLKit.framework */ = {isa = PBXFileReference; lastKnownFileType = wrapper.framework; name = GLKit.framework; path = System/Library/Frameworks/GLKit.framework; sourceTree = SDKROOT; };
		623469031969C5AB0030AC0A /* TutorialFragment1_3.h */ = {isa = PBXFileReference; fileEncoding = 4; lastKnownFileType = sourcecode.c.h; path = TutorialFragment1_3.h; sourceTree = "<group>"; };
		623469041969C5AB0030AC0A /* TutorialFragment1_3.m */ = {isa = PBXFileReference; fileEncoding = 4; lastKnownFileType = sourcecode.c.objc; path = TutorialFragment1_3.m; sourceTree = "<group>"; };
		624462171935A18000895F2D /* TutorialInstructionPopup.h */ = {isa = PBXFileReference; fileEncoding = 4; lastKnownFileType = sourcecode.c.h; name = TutorialInstructionPopup.h; path = Source/TutorialInstructionPopup.h; sourceTree = "<group>"; };
		624462181935A18000895F2D /* TutorialInstructionPopup.m */ = {isa = PBXFileReference; fileEncoding = 4; lastKnownFileType = sourcecode.c.objc; name = TutorialInstructionPopup.m; path = Source/TutorialInstructionPopup.m; sourceTree = "<group>"; };
		627C5BB31893750300409C84 /* Gameplay.h */ = {isa = PBXFileReference; fileEncoding = 4; lastKnownFileType = sourcecode.c.h; name = Gameplay.h; path = Source/Gameplay.h; sourceTree = "<group>"; };
		627C5BB41893750300409C84 /* Gameplay.m */ = {isa = PBXFileReference; fileEncoding = 4; lastKnownFileType = sourcecode.c.objc; name = Gameplay.m; path = Source/Gameplay.m; sourceTree = "<group>"; };
		627C5BB71893873100409C84 /* GroundBlock.h */ = {isa = PBXFileReference; fileEncoding = 4; lastKnownFileType = sourcecode.c.h; name = GroundBlock.h; path = Source/GroundBlock.h; sourceTree = "<group>"; };
		627C5BB81893873100409C84 /* GroundBlock.m */ = {isa = PBXFileReference; fileEncoding = 4; lastKnownFileType = sourcecode.c.objc; name = GroundBlock.m; path = Source/GroundBlock.m; sourceTree = "<group>"; };
		627C5BBA18938DAA00409C84 /* CCActionFollowGGJ.h */ = {isa = PBXFileReference; fileEncoding = 4; lastKnownFileType = sourcecode.c.h; name = CCActionFollowGGJ.h; path = Source/CCActionFollowGGJ.h; sourceTree = "<group>"; };
		627C5BBB18938DAA00409C84 /* CCActionFollowGGJ.m */ = {isa = PBXFileReference; fileEncoding = 4; lastKnownFileType = sourcecode.c.objc; name = CCActionFollowGGJ.m; path = Source/CCActionFollowGGJ.m; sourceTree = "<group>"; };
		627C5BBE1893972600409C84 /* Mood.h */ = {isa = PBXFileReference; fileEncoding = 4; lastKnownFileType = sourcecode.c.h; path = Mood.h; sourceTree = "<group>"; };
		627C5BBF1893972600409C84 /* Mood.m */ = {isa = PBXFileReference; fileEncoding = 4; lastKnownFileType = sourcecode.c.objc; path = Mood.m; sourceTree = "<group>"; };
		627C5BC118939D5300409C84 /* Hero.h */ = {isa = PBXFileReference; fileEncoding = 4; lastKnownFileType = sourcecode.c.h; name = Hero.h; path = Source/Hero.h; sourceTree = "<group>"; };
		627C5BC218939D5300409C84 /* Hero.m */ = {isa = PBXFileReference; fileEncoding = 4; lastKnownFileType = sourcecode.c.objc; lineEnding = 0; name = Hero.m; path = Source/Hero.m; sourceTree = "<group>"; xcLanguageSpecificationIdentifier = xcode.lang.objc; };
		627C5BC41893B82D00409C84 /* BasicEnemy.h */ = {isa = PBXFileReference; fileEncoding = 4; lastKnownFileType = sourcecode.c.h; name = BasicEnemy.h; path = Source/BasicEnemy.h; sourceTree = "<group>"; };
		627C5BC51893B82D00409C84 /* BasicEnemy.m */ = {isa = PBXFileReference; fileEncoding = 4; lastKnownFileType = sourcecode.c.objc; name = BasicEnemy.m; path = Source/BasicEnemy.m; sourceTree = "<group>"; };
		627C5BF01893EE5C00409C84 /* angry.mp3 */ = {isa = PBXFileReference; lastKnownFileType = audio.mp3; path = angry.mp3; sourceTree = "<group>"; };
		627C5BF11893EE5C00409C84 /* calm.mp3 */ = {isa = PBXFileReference; lastKnownFileType = audio.mp3; path = calm.mp3; sourceTree = "<group>"; };
		627C5BF21893EE5C00409C84 /* fear.mp3 */ = {isa = PBXFileReference; lastKnownFileType = audio.mp3; path = fear.mp3; sourceTree = "<group>"; };
		627C5BF31893EE5C00409C84 /* happy.mp3 */ = {isa = PBXFileReference; lastKnownFileType = audio.mp3; path = happy.mp3; sourceTree = "<group>"; };
		627C5BF91893FC3800409C84 /* LevelBatchNode.h */ = {isa = PBXFileReference; fileEncoding = 4; lastKnownFileType = sourcecode.c.h; name = LevelBatchNode.h; path = Source/LevelBatchNode.h; sourceTree = "<group>"; };
		627C5BFA1893FC3800409C84 /* LevelBatchNode.m */ = {isa = PBXFileReference; fileEncoding = 4; lastKnownFileType = sourcecode.c.objc; name = LevelBatchNode.m; path = Source/LevelBatchNode.m; sourceTree = "<group>"; };
		627C5C051894676000409C84 /* GroundBlockEight.h */ = {isa = PBXFileReference; fileEncoding = 4; lastKnownFileType = sourcecode.c.h; name = GroundBlockEight.h; path = Source/GroundBlockEight.h; sourceTree = "<group>"; };
		627C5C061894676000409C84 /* GroundBlockEight.m */ = {isa = PBXFileReference; fileEncoding = 4; lastKnownFileType = sourcecode.c.objc; name = GroundBlockEight.m; path = Source/GroundBlockEight.m; sourceTree = "<group>"; };
		627C5C091894677D00409C84 /* GroundBlock64.h */ = {isa = PBXFileReference; fileEncoding = 4; lastKnownFileType = sourcecode.c.h; name = GroundBlock64.h; path = Source/GroundBlock64.h; sourceTree = "<group>"; };
		627C5C0A1894677D00409C84 /* GroundBlock64.m */ = {isa = PBXFileReference; fileEncoding = 4; lastKnownFileType = sourcecode.c.objc; name = GroundBlock64.m; path = Source/GroundBlock64.m; sourceTree = "<group>"; };
		627C5C2318946C1200409C84 /* CCAnimatedSprite.h */ = {isa = PBXFileReference; fileEncoding = 4; lastKnownFileType = sourcecode.c.h; name = CCAnimatedSprite.h; path = Source/CCAnimatedSprite.h; sourceTree = "<group>"; };
		627C5C2418946C1200409C84 /* CCAnimatedSprite.m */ = {isa = PBXFileReference; fileEncoding = 4; lastKnownFileType = sourcecode.c.objc; name = CCAnimatedSprite.m; path = Source/CCAnimatedSprite.m; sourceTree = "<group>"; };
		62A0B8D91894F51D0037B7E4 /* Levels.plist */ = {isa = PBXFileReference; fileEncoding = 4; lastKnownFileType = text.plist.xml; path = Levels.plist; sourceTree = "<group>"; };
		62A0B8DE189505B20037B7E4 /* LevelDetails.h */ = {isa = PBXFileReference; fileEncoding = 4; lastKnownFileType = sourcecode.c.h; name = LevelDetails.h; path = Source/LevelDetails.h; sourceTree = "<group>"; };
		62A0B8DF189505B20037B7E4 /* LevelDetails.m */ = {isa = PBXFileReference; fileEncoding = 4; lastKnownFileType = sourcecode.c.objc; name = LevelDetails.m; path = Source/LevelDetails.m; sourceTree = "<group>"; };
		62A0B8E118950D890037B7E4 /* GameState.h */ = {isa = PBXFileReference; fileEncoding = 4; lastKnownFileType = sourcecode.c.h; name = GameState.h; path = Source/GameState.h; sourceTree = "<group>"; };
		62A0B8E218950D890037B7E4 /* GameState.m */ = {isa = PBXFileReference; fileEncoding = 4; lastKnownFileType = sourcecode.c.objc; name = GameState.m; path = Source/GameState.m; sourceTree = "<group>"; };
		62A0B8E41895274E0037B7E4 /* HappyEnemy.h */ = {isa = PBXFileReference; fileEncoding = 4; lastKnownFileType = sourcecode.c.h; name = HappyEnemy.h; path = Source/HappyEnemy.h; sourceTree = "<group>"; };
		62A0B8E51895274E0037B7E4 /* HappyEnemy.m */ = {isa = PBXFileReference; fileEncoding = 4; lastKnownFileType = sourcecode.c.objc; name = HappyEnemy.m; path = Source/HappyEnemy.m; sourceTree = "<group>"; };
		62A0B8E71895278F0037B7E4 /* AngryEnemy.h */ = {isa = PBXFileReference; fileEncoding = 4; lastKnownFileType = sourcecode.c.h; name = AngryEnemy.h; path = Source/AngryEnemy.h; sourceTree = "<group>"; };
		62A0B8E81895278F0037B7E4 /* AngryEnemy.m */ = {isa = PBXFileReference; fileEncoding = 4; lastKnownFileType = sourcecode.c.objc; name = AngryEnemy.m; path = Source/AngryEnemy.m; sourceTree = "<group>"; };
		62A0B8EA18954DF00037B7E4 /* SadEnemy.h */ = {isa = PBXFileReference; fileEncoding = 4; lastKnownFileType = sourcecode.c.h; name = SadEnemy.h; path = Source/SadEnemy.h; sourceTree = "<group>"; };
		62A0B8EB18954DF00037B7E4 /* SadEnemy.m */ = {isa = PBXFileReference; fileEncoding = 4; lastKnownFileType = sourcecode.c.objc; name = SadEnemy.m; path = Source/SadEnemy.m; sourceTree = "<group>"; };
		62A0B8ED189551D90037B7E4 /* ScaredEnemy.h */ = {isa = PBXFileReference; fileEncoding = 4; lastKnownFileType = sourcecode.c.h; name = ScaredEnemy.h; path = Source/ScaredEnemy.h; sourceTree = "<group>"; };
		62A0B8EE189551D90037B7E4 /* ScaredEnemy.m */ = {isa = PBXFileReference; fileEncoding = 4; lastKnownFileType = sourcecode.c.objc; name = ScaredEnemy.m; path = Source/ScaredEnemy.m; sourceTree = "<group>"; };
		62A0B8F01895581D0037B7E4 /* Level.h */ = {isa = PBXFileReference; fileEncoding = 4; lastKnownFileType = sourcecode.c.h; name = Level.h; path = Source/Level.h; sourceTree = SOURCE_ROOT; };
		62A0B8F11895581D0037B7E4 /* Level.m */ = {isa = PBXFileReference; fileEncoding = 4; lastKnownFileType = sourcecode.c.objc; name = Level.m; path = Source/Level.m; sourceTree = SOURCE_ROOT; };
		62A0B8F31895644A0037B7E4 /* GoalPosition.h */ = {isa = PBXFileReference; fileEncoding = 4; lastKnownFileType = sourcecode.c.h; name = GoalPosition.h; path = Source/GoalPosition.h; sourceTree = "<group>"; };
		62A0B8F41895644A0037B7E4 /* GoalPosition.m */ = {isa = PBXFileReference; fileEncoding = 4; lastKnownFileType = sourcecode.c.objc; name = GoalPosition.m; path = Source/GoalPosition.m; sourceTree = "<group>"; };
		62A1F4C71895AA5200122E90 /* Startscreen.h */ = {isa = PBXFileReference; fileEncoding = 4; lastKnownFileType = sourcecode.c.h; path = Startscreen.h; sourceTree = "<group>"; };
		62A1F4C81895AA5200122E90 /* Startscreen.m */ = {isa = PBXFileReference; fileEncoding = 4; lastKnownFileType = sourcecode.c.objc; path = Startscreen.m; sourceTree = "<group>"; };
		62CB016718BC239C00EC8097 /* TutorialGameplay.h */ = {isa = PBXFileReference; fileEncoding = 4; lastKnownFileType = sourcecode.c.h; name = TutorialGameplay.h; path = Source/TutorialGameplay.h; sourceTree = "<group>"; };
		62CB016818BC239C00EC8097 /* TutorialGameplay.m */ = {isa = PBXFileReference; fileEncoding = 4; lastKnownFileType = sourcecode.c.objc; name = TutorialGameplay.m; path = Source/TutorialGameplay.m; sourceTree = "<group>"; };
		62CB016F18C29C1F00EC8097 /* TutorialFragment.h */ = {isa = PBXFileReference; fileEncoding = 4; lastKnownFileType = sourcecode.c.h; path = TutorialFragment.h; sourceTree = "<group>"; };
		62CB017018C29C1F00EC8097 /* TutorialFragment.m */ = {isa = PBXFileReference; fileEncoding = 4; lastKnownFileType = sourcecode.c.objc; path = TutorialFragment.m; sourceTree = "<group>"; };
		62CB017518C2A00800EC8097 /* Base */ = {isa = PBXFileReference; lastKnownFileType = text.plist.strings; name = Base; path = Base.lproj/Localizable.strings; sourceTree = "<group>"; };
		62CB017718C2A00C00EC8097 /* en */ = {isa = PBXFileReference; lastKnownFileType = text.plist.strings; name = en; path = en.lproj/Localizable.strings; sourceTree = "<group>"; };
		62D3F30E197E044A001C51F8 /* LevelTile.h */ = {isa = PBXFileReference; fileEncoding = 4; lastKnownFileType = sourcecode.c.h; path = LevelTile.h; sourceTree = "<group>"; };
		62D3F30F197E044A001C51F8 /* LevelTile.m */ = {isa = PBXFileReference; fileEncoding = 4; lastKnownFileType = sourcecode.c.objc; path = LevelTile.m; sourceTree = "<group>"; };
		62F4177D1894923400663BDD /* Block.h */ = {isa = PBXFileReference; fileEncoding = 4; lastKnownFileType = sourcecode.c.h; name = Block.h; path = Source/Block.h; sourceTree = "<group>"; };
		62F4177E1894923400663BDD /* Block.m */ = {isa = PBXFileReference; fileEncoding = 4; lastKnownFileType = sourcecode.c.objc; name = Block.m; path = Source/Block.m; sourceTree = "<group>"; };
		AC0C8C8C1894B9DC00080A19 /* Enemy.h */ = {isa = PBXFileReference; fileEncoding = 4; lastKnownFileType = sourcecode.c.h; name = Enemy.h; path = Source/Enemy.h; sourceTree = "<group>"; };
		AC0C8C8D1894B9DC00080A19 /* Enemy.m */ = {isa = PBXFileReference; fileEncoding = 4; lastKnownFileType = sourcecode.c.objc; name = Enemy.m; path = Source/Enemy.m; sourceTree = "<group>"; };
		ACAF7F09189421BB0021FC4C /* Mask.h */ = {isa = PBXFileReference; fileEncoding = 4; lastKnownFileType = sourcecode.c.h; path = Mask.h; sourceTree = "<group>"; };
		ACAF7F0A189421BB0021FC4C /* Mask.m */ = {isa = PBXFileReference; fileEncoding = 4; lastKnownFileType = sourcecode.c.objc; path = Mask.m; sourceTree = "<group>"; };
		B71F5907188484E7003F4D28 /* iPad-old.png */ = {isa = PBXFileReference; lastKnownFileType = image.png; name = "iPad-old.png"; path = "Icons/iPad-old.png"; sourceTree = "<group>"; };
		B71F5908188484E7003F4D28 /* iPad-old@2x.png */ = {isa = PBXFileReference; lastKnownFileType = image.png; name = "iPad-old@2x.png"; path = "Icons/iPad-old@2x.png"; sourceTree = "<group>"; };
		B71F5909188484E7003F4D28 /* iPad.png */ = {isa = PBXFileReference; lastKnownFileType = image.png; name = iPad.png; path = Icons/iPad.png; sourceTree = "<group>"; };
		B71F590A188484E7003F4D28 /* iPad@2x.png */ = {isa = PBXFileReference; lastKnownFileType = image.png; name = "iPad@2x.png"; path = "Icons/iPad@2x.png"; sourceTree = "<group>"; };
		B71F590B188484E7003F4D28 /* iPhone-old.png */ = {isa = PBXFileReference; lastKnownFileType = image.png; name = "iPhone-old.png"; path = "Icons/iPhone-old.png"; sourceTree = "<group>"; };
		B71F590C188484E7003F4D28 /* iPhone-old@2x.png */ = {isa = PBXFileReference; lastKnownFileType = image.png; name = "iPhone-old@2x.png"; path = "Icons/iPhone-old@2x.png"; sourceTree = "<group>"; };
		B71F590D188484E7003F4D28 /* iPhone.png */ = {isa = PBXFileReference; lastKnownFileType = image.png; name = iPhone.png; path = Icons/iPhone.png; sourceTree = "<group>"; };
		B71F590E188484E7003F4D28 /* iPhone@2x.png */ = {isa = PBXFileReference; lastKnownFileType = image.png; name = "iPhone@2x.png"; path = "Icons/iPhone@2x.png"; sourceTree = "<group>"; };
		B71F590F188484E7003F4D28 /* Settings.png */ = {isa = PBXFileReference; lastKnownFileType = image.png; name = Settings.png; path = Icons/Settings.png; sourceTree = "<group>"; };
		B71F5910188484E7003F4D28 /* Settings@2x.png */ = {isa = PBXFileReference; lastKnownFileType = image.png; name = "Settings@2x.png"; path = "Icons/Settings@2x.png"; sourceTree = "<group>"; };
		B737893A180761570076A88C /* Published-iOS */ = {isa = PBXFileReference; lastKnownFileType = folder; name = "Published-iOS"; path = "Source/Resources/Published-iOS"; sourceTree = SOURCE_ROOT; };
		B737893D1807617C0076A88C /* AppDelegate.h */ = {isa = PBXFileReference; fileEncoding = 4; lastKnownFileType = sourcecode.c.h; name = AppDelegate.h; path = Source/AppDelegate.h; sourceTree = "<group>"; };
		B737893E1807617C0076A88C /* AppDelegate.m */ = {isa = PBXFileReference; fileEncoding = 4; lastKnownFileType = sourcecode.c.objc; name = AppDelegate.m; path = Source/AppDelegate.m; sourceTree = "<group>"; };
		B7378940180761A80076A88C /* cocos2d-ios.xcodeproj */ = {isa = PBXFileReference; lastKnownFileType = "wrapper.pb-project"; name = "cocos2d-ios.xcodeproj"; path = "Source/libs/cocos2d-iphone/cocos2d-ios.xcodeproj"; sourceTree = SOURCE_ROOT; };
		B737896B180762440076A88C /* Default-568h@2x.png */ = {isa = PBXFileReference; lastKnownFileType = image.png; name = "Default-568h@2x.png"; path = "Source/Resources/Default-568h@2x.png"; sourceTree = SOURCE_ROOT; };
		B737896C180762440076A88C /* Default-Landscape~ipad.png */ = {isa = PBXFileReference; lastKnownFileType = image.png; name = "Default-Landscape~ipad.png"; path = "Source/Resources/Default-Landscape~ipad.png"; sourceTree = SOURCE_ROOT; };
		B737896D180762440076A88C /* Default.png */ = {isa = PBXFileReference; lastKnownFileType = image.png; name = Default.png; path = Source/Resources/Default.png; sourceTree = SOURCE_ROOT; };
		B737896E180762440076A88C /* Default@2x.png */ = {isa = PBXFileReference; lastKnownFileType = image.png; name = "Default@2x.png"; path = "Source/Resources/Default@2x.png"; sourceTree = SOURCE_ROOT; };
		B73789851807631A0076A88C /* main.m */ = {isa = PBXFileReference; fileEncoding = 4; lastKnownFileType = sourcecode.c.objc; name = main.m; path = Source/main.m; sourceTree = SOURCE_ROOT; };
		B73789861807631A0076A88C /* Prefix.pch */ = {isa = PBXFileReference; fileEncoding = 4; lastKnownFileType = sourcecode.c.h; name = Prefix.pch; path = Source/Prefix.pch; sourceTree = SOURCE_ROOT; };
		B7378992180767190076A88C /* MainScene.h */ = {isa = PBXFileReference; fileEncoding = 4; lastKnownFileType = sourcecode.c.h; name = MainScene.h; path = Source/MainScene.h; sourceTree = "<group>"; };
		B7378993180767190076A88C /* MainScene.m */ = {isa = PBXFileReference; fileEncoding = 4; lastKnownFileType = sourcecode.c.objc; name = MainScene.m; path = Source/MainScene.m; sourceTree = "<group>"; };
		B77F1B2E17B978D7009739AE /* PivotVividGGJ14.app */ = {isa = PBXFileReference; explicitFileType = wrapper.application; includeInIndex = 0; path = PivotVividGGJ14.app; sourceTree = BUILT_PRODUCTS_DIR; };
		B77F1B3117B978D7009739AE /* QuartzCore.framework */ = {isa = PBXFileReference; lastKnownFileType = wrapper.framework; name = QuartzCore.framework; path = System/Library/Frameworks/QuartzCore.framework; sourceTree = SDKROOT; };
		B77F1B3317B978D7009739AE /* OpenGLES.framework */ = {isa = PBXFileReference; lastKnownFileType = wrapper.framework; name = OpenGLES.framework; path = System/Library/Frameworks/OpenGLES.framework; sourceTree = SDKROOT; };
		B77F1B3517B978D7009739AE /* OpenAL.framework */ = {isa = PBXFileReference; lastKnownFileType = wrapper.framework; name = OpenAL.framework; path = System/Library/Frameworks/OpenAL.framework; sourceTree = SDKROOT; };
		B77F1B3717B978D7009739AE /* AudioToolbox.framework */ = {isa = PBXFileReference; lastKnownFileType = wrapper.framework; name = AudioToolbox.framework; path = System/Library/Frameworks/AudioToolbox.framework; sourceTree = SDKROOT; };
		B77F1B3917B978D7009739AE /* AVFoundation.framework */ = {isa = PBXFileReference; lastKnownFileType = wrapper.framework; name = AVFoundation.framework; path = System/Library/Frameworks/AVFoundation.framework; sourceTree = SDKROOT; };
		B77F1B3B17B978D7009739AE /* UIKit.framework */ = {isa = PBXFileReference; lastKnownFileType = wrapper.framework; name = UIKit.framework; path = System/Library/Frameworks/UIKit.framework; sourceTree = SDKROOT; };
		B77F1B3D17B978D7009739AE /* Foundation.framework */ = {isa = PBXFileReference; lastKnownFileType = wrapper.framework; name = Foundation.framework; path = System/Library/Frameworks/Foundation.framework; sourceTree = SDKROOT; };
		B77F1B3F17B978D7009739AE /* CoreGraphics.framework */ = {isa = PBXFileReference; lastKnownFileType = wrapper.framework; name = CoreGraphics.framework; path = System/Library/Frameworks/CoreGraphics.framework; sourceTree = SDKROOT; };
		B77F1B4117B978D7009739AE /* CoreText.framework */ = {isa = PBXFileReference; lastKnownFileType = wrapper.framework; name = CoreText.framework; path = System/Library/Frameworks/CoreText.framework; sourceTree = SDKROOT; };
		B7B3713D180358F1007369CC /* libObjectiveChipmunk.a */ = {isa = PBXFileReference; lastKnownFileType = archive.ar; name = libObjectiveChipmunk.a; path = "../libs/cocos2d-iphone/external/Chipmunk/xcode/build/Debug-iphoneos/libObjectiveChipmunk.a"; sourceTree = "<group>"; };
/* End PBXFileReference section */

/* Begin PBXFrameworksBuildPhase section */
		B77F1B2B17B978D7009739AE /* Frameworks */ = {
			isa = PBXFrameworksBuildPhase;
			buildActionMask = 2147483647;
			files = (
				B737898A1807642B0076A88C /* libcocos2d.a in Frameworks */,
				623468FE1969A8CE0030AC0A /* GLKit.framework in Frameworks */,
				B77F1B3217B978D7009739AE /* QuartzCore.framework in Frameworks */,
				B77F1B3417B978D7009739AE /* OpenGLES.framework in Frameworks */,
				B77F1B3617B978D7009739AE /* OpenAL.framework in Frameworks */,
				B77F1B3817B978D7009739AE /* AudioToolbox.framework in Frameworks */,
				B77F1B3A17B978D7009739AE /* AVFoundation.framework in Frameworks */,
				B77F1B3C17B978D7009739AE /* UIKit.framework in Frameworks */,
				B77F1B3E17B978D7009739AE /* Foundation.framework in Frameworks */,
				B77F1B4017B978D7009739AE /* CoreGraphics.framework in Frameworks */,
				B77F1B4217B978D7009739AE /* CoreText.framework in Frameworks */,
			);
			runOnlyForDeploymentPostprocessing = 0;
		};
/* End PBXFrameworksBuildPhase section */

/* Begin PBXGroup section */
		62095C23196A18AD00FCEC78 /* UIUtils */ = {
			isa = PBXGroup;
			children = (
				62095C24196A18BD00FCEC78 /* UIUtils.h */,
				62095C25196A18C800FCEC78 /* UIUtils.m */,
			);
			name = UIUtils;
			path = Source/UIUtils;
			sourceTree = "<group>";
		};
		621F0F891985628C008A0A45 /* Instruction */ = {
			isa = PBXGroup;
			children = (
				621F0F8B198562A6008A0A45 /* Instruction.h */,
				621F0F8C198562A6008A0A45 /* Instruction.m */,
				621F0F8E19856D30008A0A45 /* DisplayInstruction.h */,
				621F0F8F19856D30008A0A45 /* DisplayInstruction.m */,
			);
			name = Instruction;
			path = Source/Instruction;
			sourceTree = "<group>";
		};
		6273BBA218C2D15D0006C979 /* Tutorial1 */ = {
			isa = PBXGroup;
			children = (
				622BE81918D2BCB9009178AF /* TutorialFragment1_0.h */,
				622BE81A18D2BCB9009178AF /* TutorialFragment1_0.m */,
				622BE81B18D2BCB9009178AF /* TutorialFragment1_1.h */,
				622BE81C18D2BCB9009178AF /* TutorialFragment1_1.m */,
				622671FF18E8990C0094A8B9 /* TutorialFragment1_2.h */,
				6226720018E8990C0094A8B9 /* TutorialFragment1_2.m */,
				623469031969C5AB0030AC0A /* TutorialFragment1_3.h */,
				623469041969C5AB0030AC0A /* TutorialFragment1_3.m */,
				62095C1D196A0E9300FCEC78 /* TutorialFragment1_4.h */,
				62095C1E196A0E9300FCEC78 /* TutorialFragment1_4.m */,
			);
			path = Tutorial1;
			sourceTree = "<group>";
		};
		627C5BBD189396F700409C84 /* Moods */ = {
			isa = PBXGroup;
			children = (
				627C5BBE1893972600409C84 /* Mood.h */,
				627C5BBF1893972600409C84 /* Mood.m */,
			);
			name = Moods;
			path = Source/Moods;
			sourceTree = "<group>";
		};
		627C5BEF1893EE5C00409C84 /* Audio */ = {
			isa = PBXGroup;
			children = (
				627C5BF01893EE5C00409C84 /* angry.mp3 */,
				627C5BF11893EE5C00409C84 /* calm.mp3 */,
				627C5BF21893EE5C00409C84 /* fear.mp3 */,
				627C5BF31893EE5C00409C84 /* happy.mp3 */,
			);
			path = Audio;
			sourceTree = "<group>";
		};
		62A0B8D71894F5050037B7E4 /* Levels */ = {
			isa = PBXGroup;
			children = (
				62A0B8D91894F51D0037B7E4 /* Levels.plist */,
			);
			path = Levels;
			sourceTree = "<group>";
		};
		62CB016D18C29C0500EC8097 /* Tutorial */ = {
			isa = PBXGroup;
			children = (
				6273BBA218C2D15D0006C979 /* Tutorial1 */,
				62CB016F18C29C1F00EC8097 /* TutorialFragment.h */,
				62CB017018C29C1F00EC8097 /* TutorialFragment.m */,
			);
			name = Tutorial;
			path = Source/Tutorial;
			sourceTree = "<group>";
		};
		62D3F30C197E03D3001C51F8 /* UIElements */ = {
			isa = PBXGroup;
			children = (
				62D3F30E197E044A001C51F8 /* LevelTile.h */,
				62D3F30F197E044A001C51F8 /* LevelTile.m */,
			);
			name = UIElements;
			path = Source/UIElements;
			sourceTree = "<group>";
		};
		9222E2B918734FF800A246C7 /* libs */ = {
			isa = PBXGroup;
			children = (
				B7378940180761A80076A88C /* cocos2d-ios.xcodeproj */,
			);
			name = libs;
			sourceTree = "<group>";
		};
		B737893C1807616C0076A88C /* Source */ = {
			isa = PBXGroup;
			children = (
				621F0F891985628C008A0A45 /* Instruction */,
				62D3F30C197E03D3001C51F8 /* UIElements */,
				62095C23196A18AD00FCEC78 /* UIUtils */,
				62CB016D18C29C0500EC8097 /* Tutorial */,
				627C5BBD189396F700409C84 /* Moods */,
				ACAF7F09189421BB0021FC4C /* Mask.h */,
				ACAF7F0A189421BB0021FC4C /* Mask.m */,
				62A0B8F01895581D0037B7E4 /* Level.h */,
				62A0B8F11895581D0037B7E4 /* Level.m */,
				B737893D1807617C0076A88C /* AppDelegate.h */,
				B737893E1807617C0076A88C /* AppDelegate.m */,
				627C5C2318946C1200409C84 /* CCAnimatedSprite.h */,
				627C5C2418946C1200409C84 /* CCAnimatedSprite.m */,
				B7378992180767190076A88C /* MainScene.h */,
				B7378993180767190076A88C /* MainScene.m */,
				627C5BB31893750300409C84 /* Gameplay.h */,
				627C5BB41893750300409C84 /* Gameplay.m */,
				62A1F4C71895AA5200122E90 /* Startscreen.h */,
				62A1F4C81895AA5200122E90 /* Startscreen.m */,
				627C5BBA18938DAA00409C84 /* CCActionFollowGGJ.h */,
				627C5BBB18938DAA00409C84 /* CCActionFollowGGJ.m */,
				627C5BB71893873100409C84 /* GroundBlock.h */,
				627C5BB81893873100409C84 /* GroundBlock.m */,
				627C5BC118939D5300409C84 /* Hero.h */,
				627C5BC218939D5300409C84 /* Hero.m */,
				627C5BC41893B82D00409C84 /* BasicEnemy.h */,
				627C5BC51893B82D00409C84 /* BasicEnemy.m */,
				627C5BF91893FC3800409C84 /* LevelBatchNode.h */,
				627C5BFA1893FC3800409C84 /* LevelBatchNode.m */,
				627C5C051894676000409C84 /* GroundBlockEight.h */,
				627C5C061894676000409C84 /* GroundBlockEight.m */,
				627C5C091894677D00409C84 /* GroundBlock64.h */,
				627C5C0A1894677D00409C84 /* GroundBlock64.m */,
				62F4177D1894923400663BDD /* Block.h */,
				62F4177E1894923400663BDD /* Block.m */,
				62A0B8E71895278F0037B7E4 /* AngryEnemy.h */,
				62A0B8E81895278F0037B7E4 /* AngryEnemy.m */,
				AC0C8C8C1894B9DC00080A19 /* Enemy.h */,
				AC0C8C8D1894B9DC00080A19 /* Enemy.m */,
				62A0B8E41895274E0037B7E4 /* HappyEnemy.h */,
				62A0B8E51895274E0037B7E4 /* HappyEnemy.m */,
				62A0B8EA18954DF00037B7E4 /* SadEnemy.h */,
				62A0B8EB18954DF00037B7E4 /* SadEnemy.m */,
				62A0B8ED189551D90037B7E4 /* ScaredEnemy.h */,
				62A0B8EE189551D90037B7E4 /* ScaredEnemy.m */,
				62A0B8DE189505B20037B7E4 /* LevelDetails.h */,
				62A0B8DF189505B20037B7E4 /* LevelDetails.m */,
				62A0B8E118950D890037B7E4 /* GameState.h */,
				62A0B8E218950D890037B7E4 /* GameState.m */,
				62A0B8F31895644A0037B7E4 /* GoalPosition.h */,
				62A0B8F41895644A0037B7E4 /* GoalPosition.m */,
				62CB016718BC239C00EC8097 /* TutorialGameplay.h */,
				62CB016818BC239C00EC8097 /* TutorialGameplay.m */,
				624462171935A18000895F2D /* TutorialInstructionPopup.h */,
				624462181935A18000895F2D /* TutorialInstructionPopup.m */,
			);
			name = Source;
			sourceTree = "<group>";
		};
		B7378941180761A80076A88C /* Products */ = {
			isa = PBXGroup;
			children = (
				B737894B180761A90076A88C /* libcocos2d.a */,
			);
			name = Products;
			sourceTree = "<group>";
		};
		B73789911807667A0076A88C /* Icons */ = {
			isa = PBXGroup;
			children = (
				B71F5907188484E7003F4D28 /* iPad-old.png */,
				B71F5908188484E7003F4D28 /* iPad-old@2x.png */,
				B71F5909188484E7003F4D28 /* iPad.png */,
				B71F590A188484E7003F4D28 /* iPad@2x.png */,
				B71F590B188484E7003F4D28 /* iPhone-old.png */,
				B71F590C188484E7003F4D28 /* iPhone-old@2x.png */,
				B71F590D188484E7003F4D28 /* iPhone.png */,
				B71F590E188484E7003F4D28 /* iPhone@2x.png */,
				B71F590F188484E7003F4D28 /* Settings.png */,
				B71F5910188484E7003F4D28 /* Settings@2x.png */,
				B737896B180762440076A88C /* Default-568h@2x.png */,
				B737896C180762440076A88C /* Default-Landscape~ipad.png */,
				B737896D180762440076A88C /* Default.png */,
				B737896E180762440076A88C /* Default@2x.png */,
			);
			name = Icons;
			sourceTree = "<group>";
		};
		B77F1B2517B978D7009739AE = {
			isa = PBXGroup;
			children = (
				B737893C1807616C0076A88C /* Source */,
				B77F1B4617B978D7009739AE /* Resources */,
				9222E2B918734FF800A246C7 /* libs */,
				B77F1CCF17B978D8009739AE /* Supporting Files */,
				B77F1B3017B978D7009739AE /* Frameworks */,
				B77F1B2F17B978D7009739AE /* Products */,
			);
			sourceTree = "<group>";
		};
		B77F1B2F17B978D7009739AE /* Products */ = {
			isa = PBXGroup;
			children = (
				B77F1B2E17B978D7009739AE /* PivotVividGGJ14.app */,
			);
			name = Products;
			sourceTree = "<group>";
		};
		B77F1B3017B978D7009739AE /* Frameworks */ = {
			isa = PBXGroup;
			children = (
				623468FD1969A8CE0030AC0A /* GLKit.framework */,
				B7B3713D180358F1007369CC /* libObjectiveChipmunk.a */,
				B77F1B3117B978D7009739AE /* QuartzCore.framework */,
				B77F1B3317B978D7009739AE /* OpenGLES.framework */,
				B77F1B3517B978D7009739AE /* OpenAL.framework */,
				B77F1B3717B978D7009739AE /* AudioToolbox.framework */,
				B77F1B3917B978D7009739AE /* AVFoundation.framework */,
				B77F1B3B17B978D7009739AE /* UIKit.framework */,
				B77F1B3D17B978D7009739AE /* Foundation.framework */,
				B77F1B3F17B978D7009739AE /* CoreGraphics.framework */,
				B77F1B4117B978D7009739AE /* CoreText.framework */,
			);
			name = Frameworks;
			sourceTree = "<group>";
		};
		B77F1B4617B978D7009739AE /* Resources */ = {
			isa = PBXGroup;
			children = (
				622671FD18E794740094A8B9 /* Additional-Resources */,
				62A0B8D71894F5050037B7E4 /* Levels */,
				627C5BEF1893EE5C00409C84 /* Audio */,
				B73789911807667A0076A88C /* Icons */,
				B737893A180761570076A88C /* Published-iOS */,
				62CB017618C2A00800EC8097 /* Localizable.strings */,
			);
			name = Resources;
			path = Source/Resources;
			sourceTree = "<group>";
		};
		B77F1CCF17B978D8009739AE /* Supporting Files */ = {
			isa = PBXGroup;
			children = (
				B73789851807631A0076A88C /* main.m */,
				B73789861807631A0076A88C /* Prefix.pch */,
			);
			name = "Supporting Files";
			sourceTree = "<group>";
		};
/* End PBXGroup section */

/* Begin PBXNativeTarget section */
		B77F1B2D17B978D7009739AE /* PivotVividGGJ14 */ = {
			isa = PBXNativeTarget;
			buildConfigurationList = B77F1CDE17B978D8009739AE /* Build configuration list for PBXNativeTarget "PivotVividGGJ14" */;
			buildPhases = (
				B77F1B2A17B978D7009739AE /* Sources */,
				B77F1B2B17B978D7009739AE /* Frameworks */,
				B77F1B2C17B978D7009739AE /* Resources */,
			);
			buildRules = (
			);
			dependencies = (
				B7378989180764180076A88C /* PBXTargetDependency */,
			);
			name = PivotVividGGJ14;
			productName = Example;
			productReference = B77F1B2E17B978D7009739AE /* PivotVividGGJ14.app */;
			productType = "com.apple.product-type.application";
		};
/* End PBXNativeTarget section */

/* Begin PBXProject section */
		B77F1B2617B978D7009739AE /* Project object */ = {
			isa = PBXProject;
			attributes = {
				LastUpgradeCheck = 0460;
				ORGANIZATIONNAME = Apportable;
				TargetAttributes = {
					B77F1B2D17B978D7009739AE = {
						DevelopmentTeam = UBXY3JK49V;
						SystemCapabilities = {
							com.apple.GameCenter = {
								enabled = 0;
							};
						};
					};
				};
			};
			buildConfigurationList = B77F1B2917B978D7009739AE /* Build configuration list for PBXProject "PivotVividGGJ14" */;
			compatibilityVersion = "Xcode 3.2";
			developmentRegion = English;
			hasScannedForEncodings = 0;
			knownRegions = (
				en,
			);
			mainGroup = B77F1B2517B978D7009739AE;
			productRefGroup = B77F1B2F17B978D7009739AE /* Products */;
			projectDirPath = "";
			projectReferences = (
				{
					ProductGroup = B7378941180761A80076A88C /* Products */;
					ProjectRef = B7378940180761A80076A88C /* cocos2d-ios.xcodeproj */;
				},
			);
			projectRoot = "";
			targets = (
				B77F1B2D17B978D7009739AE /* PivotVividGGJ14 */,
			);
		};
/* End PBXProject section */

/* Begin PBXReferenceProxy section */
		B737894B180761A90076A88C /* libcocos2d.a */ = {
			isa = PBXReferenceProxy;
			fileType = archive.ar;
			path = libcocos2d.a;
			remoteRef = B737894A180761A90076A88C /* PBXContainerItemProxy */;
			sourceTree = BUILT_PRODUCTS_DIR;
		};
/* End PBXReferenceProxy section */

/* Begin PBXResourcesBuildPhase section */
		B77F1B2C17B978D7009739AE /* Resources */ = {
			isa = PBXResourcesBuildPhase;
			buildActionMask = 2147483647;
			files = (
				B71F5919188484E7003F4D28 /* Settings.png in Resources */,
				B7378978180762440076A88C /* Default@2x.png in Resources */,
				627C5BF61893EE5C00409C84 /* fear.mp3 in Resources */,
				B71F5914188484E7003F4D28 /* iPad@2x.png in Resources */,
				B71F5913188484E7003F4D28 /* iPad.png in Resources */,
				B71F5912188484E7003F4D28 /* iPad-old@2x.png in Resources */,
				B71F5916188484E7003F4D28 /* iPhone-old@2x.png in Resources */,
				62A0B8DA1894F51D0037B7E4 /* Levels.plist in Resources */,
				B737893B180761570076A88C /* Published-iOS in Resources */,
				B71F591A188484E7003F4D28 /* Settings@2x.png in Resources */,
				627C5BF51893EE5C00409C84 /* calm.mp3 in Resources */,
				62CB017418C2A00800EC8097 /* Localizable.strings in Resources */,
				627C5BF41893EE5C00409C84 /* angry.mp3 in Resources */,
				B7378976180762440076A88C /* Default-Landscape~ipad.png in Resources */,
				B71F5915188484E7003F4D28 /* iPhone-old.png in Resources */,
				B71F5917188484E7003F4D28 /* iPhone.png in Resources */,
				627C5BF71893EE5C00409C84 /* happy.mp3 in Resources */,
				B7378975180762440076A88C /* Default-568h@2x.png in Resources */,
				622671FE18E794740094A8B9 /* Additional-Resources in Resources */,
				B71F5918188484E7003F4D28 /* iPhone@2x.png in Resources */,
				B7378977180762440076A88C /* Default.png in Resources */,
				B71F5911188484E7003F4D28 /* iPad-old.png in Resources */,
			);
			runOnlyForDeploymentPostprocessing = 0;
		};
/* End PBXResourcesBuildPhase section */

/* Begin PBXSourcesBuildPhase section */
		B77F1B2A17B978D7009739AE /* Sources */ = {
			isa = PBXSourcesBuildPhase;
			buildActionMask = 2147483647;
			files = (
				6226720118E8990C0094A8B9 /* TutorialFragment1_2.m in Sources */,
				AC0C8C8E1894B9DC00080A19 /* Enemy.m in Sources */,
				62A0B8E318950D890037B7E4 /* GameState.m in Sources */,
				B737893F1807617C0076A88C /* AppDelegate.m in Sources */,
				627C5BC01893972600409C84 /* Mood.m in Sources */,
				62D3F310197E044A001C51F8 /* LevelTile.m in Sources */,
				627C5BBC18938DAA00409C84 /* CCActionFollowGGJ.m in Sources */,
				62F4177F1894923400663BDD /* Block.m in Sources */,
				62A0B8F21895581D0037B7E4 /* Level.m in Sources */,
				627C5BFB1893FC3800409C84 /* LevelBatchNode.m in Sources */,
				622BE81D18D2BCB9009178AF /* TutorialFragment1_0.m in Sources */,
				627C5C071894676000409C84 /* GroundBlockEight.m in Sources */,
				62A0B8F51895644B0037B7E4 /* GoalPosition.m in Sources */,
				62A0B8E61895274E0037B7E4 /* HappyEnemy.m in Sources */,
				627C5BC61893B82D00409C84 /* BasicEnemy.m in Sources */,
				622BE81E18D2BCB9009178AF /* TutorialFragment1_1.m in Sources */,
				62095C1F196A0E9300FCEC78 /* TutorialFragment1_4.m in Sources */,
				62CB017118C29C1F00EC8097 /* TutorialFragment.m in Sources */,
				62095C26196A18C800FCEC78 /* UIUtils.m in Sources */,
				62A0B8EC18954DF00037B7E4 /* SadEnemy.m in Sources */,
				621F0F9019856D30008A0A45 /* DisplayInstruction.m in Sources */,
				627C5BB51893750300409C84 /* Gameplay.m in Sources */,
				62A1F4C91895AA5200122E90 /* Startscreen.m in Sources */,
				627C5BB91893873100409C84 /* GroundBlock.m in Sources */,
				B7378994180767190076A88C /* MainScene.m in Sources */,
				62CB016918BC239C00EC8097 /* TutorialGameplay.m in Sources */,
				627C5C0B1894677D00409C84 /* GroundBlock64.m in Sources */,
				62A0B8E0189505B20037B7E4 /* LevelDetails.m in Sources */,
				B73789871807631A0076A88C /* main.m in Sources */,
				624462191935A18000895F2D /* TutorialInstructionPopup.m in Sources */,
				627C5BC318939D5300409C84 /* Hero.m in Sources */,
				621F0F8D198562A6008A0A45 /* Instruction.m in Sources */,
				623469051969C5AB0030AC0A /* TutorialFragment1_3.m in Sources */,
				62A0B8EF189551D90037B7E4 /* ScaredEnemy.m in Sources */,
				ACAF7F0B189421BB0021FC4C /* Mask.m in Sources */,
				62A0B8E91895278F0037B7E4 /* AngryEnemy.m in Sources */,
				627C5C2518946C1200409C84 /* CCAnimatedSprite.m in Sources */,
			);
			runOnlyForDeploymentPostprocessing = 0;
		};
/* End PBXSourcesBuildPhase section */

/* Begin PBXTargetDependency section */
		B7378989180764180076A88C /* PBXTargetDependency */ = {
			isa = PBXTargetDependency;
			name = cocos2d;
			targetProxy = B7378988180764180076A88C /* PBXContainerItemProxy */;
		};
/* End PBXTargetDependency section */

/* Begin PBXVariantGroup section */
		62CB017618C2A00800EC8097 /* Localizable.strings */ = {
			isa = PBXVariantGroup;
			children = (
				62CB017518C2A00800EC8097 /* Base */,
				62CB017718C2A00C00EC8097 /* en */,
			);
			name = Localizable.strings;
			sourceTree = "<group>";
		};
/* End PBXVariantGroup section */

/* Begin XCBuildConfiguration section */
		B77F1CDC17B978D8009739AE /* Debug */ = {
			isa = XCBuildConfiguration;
			buildSettings = {
				ARCHS = "$(ARCHS_STANDARD_32_BIT)";
				"CODE_SIGN_IDENTITY[sdk=iphoneos*]" = "iPhone Developer";
				GCC_C_LANGUAGE_STANDARD = gnu99;
				GCC_OPTIMIZATION_LEVEL = 0;
				GCC_PREPROCESSOR_DEFINITIONS = (
					DEBUG,
					"COCOS2D_DEBUG=1",
				);
				GCC_SYMBOLS_PRIVATE_EXTERN = NO;
				GCC_VERSION = com.apple.compilers.llvm.clang.1_0;
				GCC_WARN_ABOUT_RETURN_TYPE = YES;
				GCC_WARN_UNUSED_VARIABLE = YES;
				IPHONEOS_DEPLOYMENT_TARGET = 4.0;
				SDKROOT = iphoneos;
				TARGETED_DEVICE_FAMILY = "1,2";
			};
			name = Debug;
		};
		B77F1CDD17B978D8009739AE /* Release */ = {
			isa = XCBuildConfiguration;
			buildSettings = {
				ARCHS = "$(ARCHS_STANDARD_32_BIT)";
				"CODE_SIGN_IDENTITY[sdk=iphoneos*]" = "iPhone Developer";
				GCC_C_LANGUAGE_STANDARD = gnu99;
				GCC_PREPROCESSOR_DEFINITIONS = (
					NDEBUG,
					"NS_BLOCK_ASSERTIONS=1",
				);
				GCC_VERSION = com.apple.compilers.llvm.clang.1_0;
				GCC_WARN_ABOUT_RETURN_TYPE = YES;
				GCC_WARN_UNUSED_VARIABLE = YES;
				IPHONEOS_DEPLOYMENT_TARGET = 4.0;
				SDKROOT = iphoneos;
				TARGETED_DEVICE_FAMILY = "1,2";
			};
			name = Release;
		};
		B77F1CDF17B978D8009739AE /* Debug */ = {
			isa = XCBuildConfiguration;
			buildSettings = {
				ALWAYS_SEARCH_USER_PATHS = NO;
				ARCHS = "$(ARCHS_STANDARD)";
				CLANG_ENABLE_OBJC_ARC = YES;
				CODE_SIGN_IDENTITY = "iPhone Developer";
				"CODE_SIGN_IDENTITY[sdk=iphoneos*]" = "iPhone Developer";
				COPY_PHASE_STRIP = NO;
				GCC_DYNAMIC_NO_PIC = NO;
				GCC_PRECOMPILE_PREFIX_HEADER = YES;
				GCC_PREFIX_HEADER = Source/Prefix.pch;
				HEADER_SEARCH_PATHS = (
					"\"Source/libs/cocos2d-iphone/external/kazmath/include\"/**",
					"\"Source/libs/cocos2d-iphone/cocos2d\"/**",
					"Source/libs/cocos2d-iphone/external/Chipmunk/objectivec/include",
					"Source/libs/cocos2d-iphone/external/Chipmunk/include",
					"\"Source/libs/cocos2d-iphone/cocos2d-ui\"/**",
					"\"Source/libs/cocos2d-iphone/external/ObjectAL\"/**",
				);
				INFOPLIST_FILE = Source/Resources/Info.plist;
				IPHONEOS_DEPLOYMENT_TARGET = 5.0;
				ONLY_ACTIVE_ARCH = YES;
				OTHER_LDFLAGS = (
					"-lz",
					"-lsqlite3",
					"-ObjC",
				);
				PRODUCT_NAME = PivotVividGGJ14;
				PROVISIONING_PROFILE = "D0190417-620E-479A-82FE-5BF5C154209A";
				WRAPPER_EXTENSION = app;
			};
			name = Debug;
		};
		B77F1CE017B978D8009739AE /* Release */ = {
			isa = XCBuildConfiguration;
			buildSettings = {
				ALWAYS_SEARCH_USER_PATHS = NO;
				ARCHS = "$(ARCHS_STANDARD)";
				CLANG_ENABLE_OBJC_ARC = YES;
				CODE_SIGN_IDENTITY = "iPhone Developer";
				"CODE_SIGN_IDENTITY[sdk=iphoneos*]" = "iPhone Developer";
				COPY_PHASE_STRIP = YES;
				GCC_PRECOMPILE_PREFIX_HEADER = YES;
				GCC_PREFIX_HEADER = Source/Prefix.pch;
				HEADER_SEARCH_PATHS = (
					"\"Source/libs/cocos2d-iphone/external/kazmath/include\"/**",
					"\"Source/libs/cocos2d-iphone/cocos2d\"/**",
					"Source/libs/cocos2d-iphone/external/Chipmunk/objectivec/include",
					"Source/libs/cocos2d-iphone/external/Chipmunk/include",
					"\"Source/libs/cocos2d-iphone/cocos2d-ui\"/**",
					"\"Source/libs/cocos2d-iphone/external/ObjectAL\"/**",
				);
				INFOPLIST_FILE = Source/Resources/Info.plist;
				IPHONEOS_DEPLOYMENT_TARGET = 5.0;
				OTHER_LDFLAGS = (
					"-lz",
					"-lsqlite3",
					"-ObjC",
				);
				PRODUCT_NAME = PivotVividGGJ14;
				PROVISIONING_PROFILE = "D0190417-620E-479A-82FE-5BF5C154209A";
				VALIDATE_PRODUCT = YES;
				WRAPPER_EXTENSION = app;
			};
			name = Release;
		};
/* End XCBuildConfiguration section */

/* Begin XCConfigurationList section */
		B77F1B2917B978D7009739AE /* Build configuration list for PBXProject "PivotVividGGJ14" */ = {
			isa = XCConfigurationList;
			buildConfigurations = (
				B77F1CDC17B978D8009739AE /* Debug */,
				B77F1CDD17B978D8009739AE /* Release */,
			);
			defaultConfigurationIsVisible = 0;
			defaultConfigurationName = Release;
		};
		B77F1CDE17B978D8009739AE /* Build configuration list for PBXNativeTarget "PivotVividGGJ14" */ = {
			isa = XCConfigurationList;
			buildConfigurations = (
				B77F1CDF17B978D8009739AE /* Debug */,
				B77F1CE017B978D8009739AE /* Release */,
			);
			defaultConfigurationIsVisible = 0;
			defaultConfigurationName = Release;
		};
/* End XCConfigurationList section */
	};
	rootObject = B77F1B2617B978D7009739AE /* Project object */;
}
